// !$*UTF8*$!
{
	archiveVersion = 1;
	classes = {
	};
	objectVersion = 46;
	objects = {

/* Begin PBXBuildFile section */
		B9104C9E200DFDFA00C1ECEA /* IMBAMDeviceInfo.m in Sources */ = {isa = PBXBuildFile; fileRef = B9104C9B200DFDFA00C1ECEA /* IMBAMDeviceInfo.m */; };
		B9104C9F200DFDFA00C1ECEA /* IMBDeviceInfo.m in Sources */ = {isa = PBXBuildFile; fileRef = B9104C9D200DFDFA00C1ECEA /* IMBDeviceInfo.m */; };
		B9104CA2200DFE1800C1ECEA /* IMBCommonEnum.m in Sources */ = {isa = PBXBuildFile; fileRef = B9104CA1200DFE1800C1ECEA /* IMBCommonEnum.m */; };
		B9104CA5200DFE4E00C1ECEA /* IMBSupportedArtworkFormat.m in Sources */ = {isa = PBXBuildFile; fileRef = B9104CA4200DFE4E00C1ECEA /* IMBSupportedArtworkFormat.m */; };
		B996D9B02019730100E6991A /* IMBSelecedDeviceBtn.m in Sources */ = {isa = PBXBuildFile; fileRef = B996D9AF2019730100E6991A /* IMBSelecedDeviceBtn.m */; };
		B996D9C72019CA7600E6991A /* IMBDevViewController.m in Sources */ = {isa = PBXBuildFile; fileRef = B996D9C52019CA7600E6991A /* IMBDevViewController.m */; };
		B996D9C82019CA7600E6991A /* IMBDevViewController.xib in Resources */ = {isa = PBXBuildFile; fileRef = B996D9C62019CA7600E6991A /* IMBDevViewController.xib */; };
		B996D9CD2019E26900E6991A /* IMBConst.m in Sources */ = {isa = PBXBuildFile; fileRef = B996D9CC2019E26900E6991A /* IMBConst.m */; };
		B9FBDD96200EF73B00D02B13 /* IMBiPod.m in Sources */ = {isa = PBXBuildFile; fileRef = B9FBDD93200EF73B00D02B13 /* IMBiPod.m */; };
		B9FBDD97200EF73C00D02B13 /* IMBSession.m in Sources */ = {isa = PBXBuildFile; fileRef = B9FBDD95200EF73B00D02B13 /* IMBSession.m */; };
		B9FBDD9C200EF7FD00D02B13 /* IMBAMFileSystem.m in Sources */ = {isa = PBXBuildFile; fileRef = B9FBDD99200EF7FD00D02B13 /* IMBAMFileSystem.m */; };
		B9FBDD9D200EF7FD00D02B13 /* IMBFileSystem.m in Sources */ = {isa = PBXBuildFile; fileRef = B9FBDD9B200EF7FD00D02B13 /* IMBFileSystem.m */; };
		B9FBDDA0200EF8E300D02B13 /* TempHelper.m in Sources */ = {isa = PBXBuildFile; fileRef = B9FBDD9F200EF8E300D02B13 /* TempHelper.m */; };
		B9FBDE14200D927F0004A995 /* MobileDevice.framework in Frameworks */ = {isa = PBXBuildFile; fileRef = B9FBDE13200D927F0004A995 /* MobileDevice.framework */; };
		B9FBDE1D200D9C440004A995 /* IMBDeviceConnection.m in Sources */ = {isa = PBXBuildFile; fileRef = B9FBDE1C200D9C440004A995 /* IMBDeviceConnection.m */; };
		EE39AC94200CBC1300D084CE /* Cocoa.framework in Frameworks */ = {isa = PBXBuildFile; fileRef = EE39AC93200CBC1300D084CE /* Cocoa.framework */; };
		EE39AD12200CBD9700D084CE /* AppDelegate.m in Sources */ = {isa = PBXBuildFile; fileRef = EE39ACE2200CBD9700D084CE /* AppDelegate.m */; };
		EE39AD13200CBD9700D084CE /* Assets.xcassets in Resources */ = {isa = PBXBuildFile; fileRef = EE39ACE3200CBD9700D084CE /* Assets.xcassets */; };
		EE39AD14200CBD9700D084CE /* MainMenu.xib in Resources */ = {isa = PBXBuildFile; fileRef = EE39ACE4200CBD9700D084CE /* MainMenu.xib */; };
		EE39AD15200CBD9700D084CE /* MobileDeviceAccess.m in Sources */ = {isa = PBXBuildFile; fileRef = EE39ACEA200CBD9700D084CE /* MobileDeviceAccess.m */; };
		EE39AD16200CBD9700D084CE /* Info.plist in Resources */ = {isa = PBXBuildFile; fileRef = EE39ACEB200CBD9700D084CE /* Info.plist */; };
		EE39AD17200CBD9700D084CE /* DDAbstractDatabaseLogger.m in Sources */ = {isa = PBXBuildFile; fileRef = EE39ACEE200CBD9700D084CE /* DDAbstractDatabaseLogger.m */; };
		EE39AD18200CBD9700D084CE /* DDASLLogger.m in Sources */ = {isa = PBXBuildFile; fileRef = EE39ACF0200CBD9700D084CE /* DDASLLogger.m */; };
		EE39AD19200CBD9700D084CE /* DDFileLogger.m in Sources */ = {isa = PBXBuildFile; fileRef = EE39ACF2200CBD9700D084CE /* DDFileLogger.m */; };
		EE39AD1A200CBD9700D084CE /* DDLog.m in Sources */ = {isa = PBXBuildFile; fileRef = EE39ACF4200CBD9700D084CE /* DDLog.m */; };
		EE39AD1B200CBD9700D084CE /* DDTTYLogger.m in Sources */ = {isa = PBXBuildFile; fileRef = EE39ACF6200CBD9700D084CE /* DDTTYLogger.m */; };
		EE39AD1C200CBD9700D084CE /* IMBLogManager.m in Sources */ = {isa = PBXBuildFile; fileRef = EE39ACF8200CBD9700D084CE /* IMBLogManager.m */; };
		EE39AD1D200CBD9700D084CE /* main.m in Sources */ = {isa = PBXBuildFile; fileRef = EE39ACF9200CBD9700D084CE /* main.m */; };
		EE39AD21200CBD9700D084CE /* IMBLackCornerView.m in Sources */ = {isa = PBXBuildFile; fileRef = EE39AD05200CBD9700D084CE /* IMBLackCornerView.m */; };
		EE39AD22200CBD9700D084CE /* IMBNoTitleBarContentView.m in Sources */ = {isa = PBXBuildFile; fileRef = EE39AD07200CBD9700D084CE /* IMBNoTitleBarContentView.m */; };
		EE39AD23200CBD9700D084CE /* IMBWhiteView.m in Sources */ = {isa = PBXBuildFile; fileRef = EE39AD09200CBD9700D084CE /* IMBWhiteView.m */; };
		EE39AD24200CBD9700D084CE /* IMBMainWindowController.m in Sources */ = {isa = PBXBuildFile; fileRef = EE39AD0E200CBD9700D084CE /* IMBMainWindowController.m */; };
		EE39AD25200CBD9700D084CE /* IMBMainWindowController.xib in Resources */ = {isa = PBXBuildFile; fileRef = EE39AD0F200CBD9700D084CE /* IMBMainWindowController.xib */; };
		EE39AD26200CBD9700D084CE /* IMBNoTitleBarWindow.m in Sources */ = {isa = PBXBuildFile; fileRef = EE39AD11200CBD9700D084CE /* IMBNoTitleBarWindow.m */; };
		EE39AD32200D8CA500D084CE /* IMBDisconnectViewController.m in Sources */ = {isa = PBXBuildFile; fileRef = EE39AD30200D8CA500D084CE /* IMBDisconnectViewController.m */; };
		EE39AD33200D8CA500D084CE /* IMBDisconnectViewController.xib in Resources */ = {isa = PBXBuildFile; fileRef = EE39AD31200D8CA500D084CE /* IMBDisconnectViewController.xib */; };
		EE39AD37200D8DB000D084CE /* IMBDeviceViewController.m in Sources */ = {isa = PBXBuildFile; fileRef = EE39AD35200D8DB000D084CE /* IMBDeviceViewController.m */; };
		EE39AD38200D8DB000D084CE /* IMBDeviceViewController.xib in Resources */ = {isa = PBXBuildFile; fileRef = EE39AD36200D8DB000D084CE /* IMBDeviceViewController.xib */; };
		EE39ADA5200F038300D084CE /* NSBezierPath+BezierPathQuartzUtilities.m in Sources */ = {isa = PBXBuildFile; fileRef = EE39AD9C200F038300D084CE /* NSBezierPath+BezierPathQuartzUtilities.m */; };
		EE39ADA6200F038300D084CE /* NSData+Category.m in Sources */ = {isa = PBXBuildFile; fileRef = EE39AD9E200F038300D084CE /* NSData+Category.m */; };
		EE39ADA7200F038300D084CE /* NSDictionary+Category.m in Sources */ = {isa = PBXBuildFile; fileRef = EE39ADA0200F038300D084CE /* NSDictionary+Category.m */; };
		EE39ADA8200F038300D084CE /* NSString+Category.m in Sources */ = {isa = PBXBuildFile; fileRef = EE39ADA2200F038300D084CE /* NSString+Category.m */; };
		EE39ADA9200F038300D084CE /* StringHelper.m in Sources */ = {isa = PBXBuildFile; fileRef = EE39ADA4200F038300D084CE /* StringHelper.m */; };
/* End PBXBuildFile section */

/* Begin PBXFileReference section */
		B9104C97200DB2C300C1ECEA /* iOSFilesPch.pch */ = {isa = PBXFileReference; lastKnownFileType = sourcecode.c.h; path = iOSFilesPch.pch; sourceTree = "<group>"; };
		B9104C9A200DFDFA00C1ECEA /* IMBAMDeviceInfo.h */ = {isa = PBXFileReference; fileEncoding = 4; lastKnownFileType = sourcecode.c.h; path = IMBAMDeviceInfo.h; sourceTree = "<group>"; };
		B9104C9B200DFDFA00C1ECEA /* IMBAMDeviceInfo.m */ = {isa = PBXFileReference; fileEncoding = 4; lastKnownFileType = sourcecode.c.objc; path = IMBAMDeviceInfo.m; sourceTree = "<group>"; };
		B9104C9C200DFDFA00C1ECEA /* IMBDeviceInfo.h */ = {isa = PBXFileReference; fileEncoding = 4; lastKnownFileType = sourcecode.c.h; path = IMBDeviceInfo.h; sourceTree = "<group>"; };
		B9104C9D200DFDFA00C1ECEA /* IMBDeviceInfo.m */ = {isa = PBXFileReference; fileEncoding = 4; lastKnownFileType = sourcecode.c.objc; path = IMBDeviceInfo.m; sourceTree = "<group>"; };
		B9104CA0200DFE1800C1ECEA /* IMBCommonEnum.h */ = {isa = PBXFileReference; fileEncoding = 4; lastKnownFileType = sourcecode.c.h; path = IMBCommonEnum.h; sourceTree = "<group>"; };
		B9104CA1200DFE1800C1ECEA /* IMBCommonEnum.m */ = {isa = PBXFileReference; fileEncoding = 4; lastKnownFileType = sourcecode.c.objc; path = IMBCommonEnum.m; sourceTree = "<group>"; };
		B9104CA3200DFE4E00C1ECEA /* IMBSupportedArtworkFormat.h */ = {isa = PBXFileReference; fileEncoding = 4; lastKnownFileType = sourcecode.c.h; path = IMBSupportedArtworkFormat.h; sourceTree = "<group>"; };
		B9104CA4200DFE4E00C1ECEA /* IMBSupportedArtworkFormat.m */ = {isa = PBXFileReference; fileEncoding = 4; lastKnownFileType = sourcecode.c.objc; path = IMBSupportedArtworkFormat.m; sourceTree = "<group>"; };
		B996D9AE2019730100E6991A /* IMBSelecedDeviceBtn.h */ = {isa = PBXFileReference; fileEncoding = 4; lastKnownFileType = sourcecode.c.h; path = IMBSelecedDeviceBtn.h; sourceTree = "<group>"; };
		B996D9AF2019730100E6991A /* IMBSelecedDeviceBtn.m */ = {isa = PBXFileReference; fileEncoding = 4; lastKnownFileType = sourcecode.c.objc; path = IMBSelecedDeviceBtn.m; sourceTree = "<group>"; };
		B996D9C42019CA7600E6991A /* IMBDevViewController.h */ = {isa = PBXFileReference; fileEncoding = 4; lastKnownFileType = sourcecode.c.h; path = IMBDevViewController.h; sourceTree = "<group>"; };
		B996D9C52019CA7600E6991A /* IMBDevViewController.m */ = {isa = PBXFileReference; fileEncoding = 4; lastKnownFileType = sourcecode.c.objc; path = IMBDevViewController.m; sourceTree = "<group>"; };
		B996D9C62019CA7600E6991A /* IMBDevViewController.xib */ = {isa = PBXFileReference; fileEncoding = 4; lastKnownFileType = file.xib; path = IMBDevViewController.xib; sourceTree = "<group>"; };
		B996D9CB2019E26900E6991A /* IMBConst.h */ = {isa = PBXFileReference; fileEncoding = 4; lastKnownFileType = sourcecode.c.h; path = IMBConst.h; sourceTree = "<group>"; };
		B996D9CC2019E26900E6991A /* IMBConst.m */ = {isa = PBXFileReference; fileEncoding = 4; lastKnownFileType = sourcecode.c.objc; path = IMBConst.m; sourceTree = "<group>"; };
		B9FBDD92200EF73B00D02B13 /* IMBiPod.h */ = {isa = PBXFileReference; fileEncoding = 4; lastKnownFileType = sourcecode.c.h; path = IMBiPod.h; sourceTree = "<group>"; };
		B9FBDD93200EF73B00D02B13 /* IMBiPod.m */ = {isa = PBXFileReference; fileEncoding = 4; lastKnownFileType = sourcecode.c.objc; path = IMBiPod.m; sourceTree = "<group>"; };
		B9FBDD94200EF73B00D02B13 /* IMBSession.h */ = {isa = PBXFileReference; fileEncoding = 4; lastKnownFileType = sourcecode.c.h; path = IMBSession.h; sourceTree = "<group>"; };
		B9FBDD95200EF73B00D02B13 /* IMBSession.m */ = {isa = PBXFileReference; fileEncoding = 4; lastKnownFileType = sourcecode.c.objc; path = IMBSession.m; sourceTree = "<group>"; };
		B9FBDD98200EF7FD00D02B13 /* IMBAMFileSystem.h */ = {isa = PBXFileReference; fileEncoding = 4; lastKnownFileType = sourcecode.c.h; path = IMBAMFileSystem.h; sourceTree = "<group>"; };
		B9FBDD99200EF7FD00D02B13 /* IMBAMFileSystem.m */ = {isa = PBXFileReference; fileEncoding = 4; lastKnownFileType = sourcecode.c.objc; path = IMBAMFileSystem.m; sourceTree = "<group>"; };
		B9FBDD9A200EF7FD00D02B13 /* IMBFileSystem.h */ = {isa = PBXFileReference; fileEncoding = 4; lastKnownFileType = sourcecode.c.h; path = IMBFileSystem.h; sourceTree = "<group>"; };
		B9FBDD9B200EF7FD00D02B13 /* IMBFileSystem.m */ = {isa = PBXFileReference; fileEncoding = 4; lastKnownFileType = sourcecode.c.objc; path = IMBFileSystem.m; sourceTree = "<group>"; };
		B9FBDD9E200EF8E300D02B13 /* TempHelper.h */ = {isa = PBXFileReference; fileEncoding = 4; lastKnownFileType = sourcecode.c.h; path = TempHelper.h; sourceTree = "<group>"; };
		B9FBDD9F200EF8E300D02B13 /* TempHelper.m */ = {isa = PBXFileReference; fileEncoding = 4; lastKnownFileType = sourcecode.c.objc; path = TempHelper.m; sourceTree = "<group>"; };
		B9FBDE13200D927F0004A995 /* MobileDevice.framework */ = {isa = PBXFileReference; lastKnownFileType = wrapper.framework; name = MobileDevice.framework; path = ../../../../../../../System/Library/PrivateFrameworks/MobileDevice.framework; sourceTree = "<group>"; };
		B9FBDE1B200D9C440004A995 /* IMBDeviceConnection.h */ = {isa = PBXFileReference; fileEncoding = 4; lastKnownFileType = sourcecode.c.h; path = IMBDeviceConnection.h; sourceTree = "<group>"; };
		B9FBDE1C200D9C440004A995 /* IMBDeviceConnection.m */ = {isa = PBXFileReference; fileEncoding = 4; lastKnownFileType = sourcecode.c.objc; path = IMBDeviceConnection.m; sourceTree = "<group>"; };
		EE39AB74200C5EB300D084CE /* iOSFiles.app */ = {isa = PBXFileReference; explicitFileType = wrapper.application; includeInIndex = 0; path = iOSFiles.app; sourceTree = BUILT_PRODUCTS_DIR; };
		EE39AC93200CBC1300D084CE /* Cocoa.framework */ = {isa = PBXFileReference; lastKnownFileType = wrapper.framework; name = Cocoa.framework; path = System/Library/Frameworks/Cocoa.framework; sourceTree = SDKROOT; };
		EE39ACE1200CBD9700D084CE /* AppDelegate.h */ = {isa = PBXFileReference; fileEncoding = 4; lastKnownFileType = sourcecode.c.h; path = AppDelegate.h; sourceTree = "<group>"; };
		EE39ACE2200CBD9700D084CE /* AppDelegate.m */ = {isa = PBXFileReference; fileEncoding = 4; lastKnownFileType = sourcecode.c.objc; path = AppDelegate.m; sourceTree = "<group>"; };
		EE39ACE3200CBD9700D084CE /* Assets.xcassets */ = {isa = PBXFileReference; lastKnownFileType = folder.assetcatalog; path = Assets.xcassets; sourceTree = "<group>"; };
		EE39ACE5200CBD9700D084CE /* Base */ = {isa = PBXFileReference; lastKnownFileType = file.xib; name = Base; path = Base.lproj/MainMenu.xib; sourceTree = "<group>"; };
		EE39ACE7200CBD9700D084CE /* IMBNotificationDefine.h */ = {isa = PBXFileReference; fileEncoding = 4; lastKnownFileType = sourcecode.c.h; path = IMBNotificationDefine.h; sourceTree = "<group>"; };
		EE39ACE8200CBD9700D084CE /* MobileDevice.h */ = {isa = PBXFileReference; fileEncoding = 4; lastKnownFileType = sourcecode.c.h; path = MobileDevice.h; sourceTree = "<group>"; };
		EE39ACE9200CBD9700D084CE /* MobileDeviceAccess.h */ = {isa = PBXFileReference; fileEncoding = 4; lastKnownFileType = sourcecode.c.h; path = MobileDeviceAccess.h; sourceTree = "<group>"; };
		EE39ACEA200CBD9700D084CE /* MobileDeviceAccess.m */ = {isa = PBXFileReference; fileEncoding = 4; lastKnownFileType = sourcecode.c.objc; path = MobileDeviceAccess.m; sourceTree = "<group>"; };
		EE39ACEB200CBD9700D084CE /* Info.plist */ = {isa = PBXFileReference; fileEncoding = 4; lastKnownFileType = text.plist.xml; path = Info.plist; sourceTree = "<group>"; };
		EE39ACED200CBD9700D084CE /* DDAbstractDatabaseLogger.h */ = {isa = PBXFileReference; fileEncoding = 4; lastKnownFileType = sourcecode.c.h; path = DDAbstractDatabaseLogger.h; sourceTree = "<group>"; };
		EE39ACEE200CBD9700D084CE /* DDAbstractDatabaseLogger.m */ = {isa = PBXFileReference; fileEncoding = 4; lastKnownFileType = sourcecode.c.objc; path = DDAbstractDatabaseLogger.m; sourceTree = "<group>"; };
		EE39ACEF200CBD9700D084CE /* DDASLLogger.h */ = {isa = PBXFileReference; fileEncoding = 4; lastKnownFileType = sourcecode.c.h; path = DDASLLogger.h; sourceTree = "<group>"; };
		EE39ACF0200CBD9700D084CE /* DDASLLogger.m */ = {isa = PBXFileReference; fileEncoding = 4; lastKnownFileType = sourcecode.c.objc; path = DDASLLogger.m; sourceTree = "<group>"; };
		EE39ACF1200CBD9700D084CE /* DDFileLogger.h */ = {isa = PBXFileReference; fileEncoding = 4; lastKnownFileType = sourcecode.c.h; path = DDFileLogger.h; sourceTree = "<group>"; };
		EE39ACF2200CBD9700D084CE /* DDFileLogger.m */ = {isa = PBXFileReference; fileEncoding = 4; lastKnownFileType = sourcecode.c.objc; path = DDFileLogger.m; sourceTree = "<group>"; };
		EE39ACF3200CBD9700D084CE /* DDLog.h */ = {isa = PBXFileReference; fileEncoding = 4; lastKnownFileType = sourcecode.c.h; path = DDLog.h; sourceTree = "<group>"; };
		EE39ACF4200CBD9700D084CE /* DDLog.m */ = {isa = PBXFileReference; fileEncoding = 4; lastKnownFileType = sourcecode.c.objc; path = DDLog.m; sourceTree = "<group>"; };
		EE39ACF5200CBD9700D084CE /* DDTTYLogger.h */ = {isa = PBXFileReference; fileEncoding = 4; lastKnownFileType = sourcecode.c.h; path = DDTTYLogger.h; sourceTree = "<group>"; };
		EE39ACF6200CBD9700D084CE /* DDTTYLogger.m */ = {isa = PBXFileReference; fileEncoding = 4; lastKnownFileType = sourcecode.c.objc; path = DDTTYLogger.m; sourceTree = "<group>"; };
		EE39ACF7200CBD9700D084CE /* IMBLogManager.h */ = {isa = PBXFileReference; fileEncoding = 4; lastKnownFileType = sourcecode.c.h; path = IMBLogManager.h; sourceTree = "<group>"; };
		EE39ACF8200CBD9700D084CE /* IMBLogManager.m */ = {isa = PBXFileReference; fileEncoding = 4; lastKnownFileType = sourcecode.c.objc; path = IMBLogManager.m; sourceTree = "<group>"; };
		EE39ACF9200CBD9700D084CE /* main.m */ = {isa = PBXFileReference; fileEncoding = 4; lastKnownFileType = sourcecode.c.objc; path = main.m; sourceTree = "<group>"; };
		EE39AD04200CBD9700D084CE /* IMBLackCornerView.h */ = {isa = PBXFileReference; fileEncoding = 4; lastKnownFileType = sourcecode.c.h; path = IMBLackCornerView.h; sourceTree = "<group>"; };
		EE39AD05200CBD9700D084CE /* IMBLackCornerView.m */ = {isa = PBXFileReference; fileEncoding = 4; lastKnownFileType = sourcecode.c.objc; path = IMBLackCornerView.m; sourceTree = "<group>"; };
		EE39AD06200CBD9700D084CE /* IMBNoTitleBarContentView.h */ = {isa = PBXFileReference; fileEncoding = 4; lastKnownFileType = sourcecode.c.h; path = IMBNoTitleBarContentView.h; sourceTree = "<group>"; };
		EE39AD07200CBD9700D084CE /* IMBNoTitleBarContentView.m */ = {isa = PBXFileReference; fileEncoding = 4; lastKnownFileType = sourcecode.c.objc; path = IMBNoTitleBarContentView.m; sourceTree = "<group>"; };
		EE39AD08200CBD9700D084CE /* IMBWhiteView.h */ = {isa = PBXFileReference; fileEncoding = 4; lastKnownFileType = sourcecode.c.h; path = IMBWhiteView.h; sourceTree = "<group>"; };
		EE39AD09200CBD9700D084CE /* IMBWhiteView.m */ = {isa = PBXFileReference; fileEncoding = 4; lastKnownFileType = sourcecode.c.objc; path = IMBWhiteView.m; sourceTree = "<group>"; };
		EE39AD0B200CBD9700D084CE /* _NSThemeWidget.h */ = {isa = PBXFileReference; fileEncoding = 4; lastKnownFileType = sourcecode.c.h; path = _NSThemeWidget.h; sourceTree = "<group>"; };
		EE39AD0C200CBD9700D084CE /* _NSThemeWidgetCell.h */ = {isa = PBXFileReference; fileEncoding = 4; lastKnownFileType = sourcecode.c.h; path = _NSThemeWidgetCell.h; sourceTree = "<group>"; };
		EE39AD0D200CBD9700D084CE /* IMBMainWindowController.h */ = {isa = PBXFileReference; fileEncoding = 4; lastKnownFileType = sourcecode.c.h; path = IMBMainWindowController.h; sourceTree = "<group>"; };
		EE39AD0E200CBD9700D084CE /* IMBMainWindowController.m */ = {isa = PBXFileReference; fileEncoding = 4; lastKnownFileType = sourcecode.c.objc; path = IMBMainWindowController.m; sourceTree = "<group>"; };
		EE39AD0F200CBD9700D084CE /* IMBMainWindowController.xib */ = {isa = PBXFileReference; fileEncoding = 4; lastKnownFileType = file.xib; path = IMBMainWindowController.xib; sourceTree = "<group>"; };
		EE39AD10200CBD9700D084CE /* IMBNoTitleBarWindow.h */ = {isa = PBXFileReference; fileEncoding = 4; lastKnownFileType = sourcecode.c.h; path = IMBNoTitleBarWindow.h; sourceTree = "<group>"; };
		EE39AD11200CBD9700D084CE /* IMBNoTitleBarWindow.m */ = {isa = PBXFileReference; fileEncoding = 4; lastKnownFileType = sourcecode.c.objc; path = IMBNoTitleBarWindow.m; sourceTree = "<group>"; };
		EE39AD2F200D8CA500D084CE /* IMBDisconnectViewController.h */ = {isa = PBXFileReference; fileEncoding = 4; lastKnownFileType = sourcecode.c.h; path = IMBDisconnectViewController.h; sourceTree = "<group>"; };
		EE39AD30200D8CA500D084CE /* IMBDisconnectViewController.m */ = {isa = PBXFileReference; fileEncoding = 4; lastKnownFileType = sourcecode.c.objc; path = IMBDisconnectViewController.m; sourceTree = "<group>"; };
		EE39AD31200D8CA500D084CE /* IMBDisconnectViewController.xib */ = {isa = PBXFileReference; fileEncoding = 4; lastKnownFileType = file.xib; path = IMBDisconnectViewController.xib; sourceTree = "<group>"; };
		EE39AD34200D8DB000D084CE /* IMBDeviceViewController.h */ = {isa = PBXFileReference; fileEncoding = 4; lastKnownFileType = sourcecode.c.h; path = IMBDeviceViewController.h; sourceTree = "<group>"; };
		EE39AD35200D8DB000D084CE /* IMBDeviceViewController.m */ = {isa = PBXFileReference; fileEncoding = 4; lastKnownFileType = sourcecode.c.objc; path = IMBDeviceViewController.m; sourceTree = "<group>"; };
		EE39AD36200D8DB000D084CE /* IMBDeviceViewController.xib */ = {isa = PBXFileReference; fileEncoding = 4; lastKnownFileType = file.xib; path = IMBDeviceViewController.xib; sourceTree = "<group>"; };
		EE39AD9B200F038300D084CE /* NSBezierPath+BezierPathQuartzUtilities.h */ = {isa = PBXFileReference; fileEncoding = 4; lastKnownFileType = sourcecode.c.h; path = "NSBezierPath+BezierPathQuartzUtilities.h"; sourceTree = "<group>"; };
		EE39AD9C200F038300D084CE /* NSBezierPath+BezierPathQuartzUtilities.m */ = {isa = PBXFileReference; fileEncoding = 4; lastKnownFileType = sourcecode.c.objc; path = "NSBezierPath+BezierPathQuartzUtilities.m"; sourceTree = "<group>"; };
		EE39AD9D200F038300D084CE /* NSData+Category.h */ = {isa = PBXFileReference; fileEncoding = 4; lastKnownFileType = sourcecode.c.h; path = "NSData+Category.h"; sourceTree = "<group>"; };
		EE39AD9E200F038300D084CE /* NSData+Category.m */ = {isa = PBXFileReference; fileEncoding = 4; lastKnownFileType = sourcecode.c.objc; path = "NSData+Category.m"; sourceTree = "<group>"; };
		EE39AD9F200F038300D084CE /* NSDictionary+Category.h */ = {isa = PBXFileReference; fileEncoding = 4; lastKnownFileType = sourcecode.c.h; path = "NSDictionary+Category.h"; sourceTree = "<group>"; };
		EE39ADA0200F038300D084CE /* NSDictionary+Category.m */ = {isa = PBXFileReference; fileEncoding = 4; lastKnownFileType = sourcecode.c.objc; path = "NSDictionary+Category.m"; sourceTree = "<group>"; };
		EE39ADA1200F038300D084CE /* NSString+Category.h */ = {isa = PBXFileReference; fileEncoding = 4; lastKnownFileType = sourcecode.c.h; path = "NSString+Category.h"; sourceTree = "<group>"; };
		EE39ADA2200F038300D084CE /* NSString+Category.m */ = {isa = PBXFileReference; fileEncoding = 4; lastKnownFileType = sourcecode.c.objc; path = "NSString+Category.m"; sourceTree = "<group>"; };
		EE39ADA3200F038300D084CE /* StringHelper.h */ = {isa = PBXFileReference; fileEncoding = 4; lastKnownFileType = sourcecode.c.h; path = StringHelper.h; sourceTree = "<group>"; };
		EE39ADA4200F038300D084CE /* StringHelper.m */ = {isa = PBXFileReference; fileEncoding = 4; lastKnownFileType = sourcecode.c.objc; path = StringHelper.m; sourceTree = "<group>"; };
/* End PBXFileReference section */

/* Begin PBXFrameworksBuildPhase section */
		EE39AB71200C5EB300D084CE /* Frameworks */ = {
			isa = PBXFrameworksBuildPhase;
			buildActionMask = 2147483647;
			files = (
				B9FBDE14200D927F0004A995 /* MobileDevice.framework in Frameworks */,
				EE39AC94200CBC1300D084CE /* Cocoa.framework in Frameworks */,
			);
			runOnlyForDeploymentPostprocessing = 0;
		};
/* End PBXFrameworksBuildPhase section */

/* Begin PBXGroup section */
		EE39AB6B200C5EB300D084CE = {
			isa = PBXGroup;
			children = (
				EE39ACE0200CBD9700D084CE /* iOSFiles */,
				EE39AC92200CBBF300D084CE /* Frameworks */,
				EE39AB75200C5EB300D084CE /* Products */,
			);
			sourceTree = "<group>";
		};
		EE39AB75200C5EB300D084CE /* Products */ = {
			isa = PBXGroup;
			children = (
				EE39AB74200C5EB300D084CE /* iOSFiles.app */,
			);
			name = Products;
			sourceTree = "<group>";
		};
		EE39AC92200CBBF300D084CE /* Frameworks */ = {
			isa = PBXGroup;
			children = (
				B9FBDE13200D927F0004A995 /* MobileDevice.framework */,
				EE39AC93200CBC1300D084CE /* Cocoa.framework */,
			);
			path = Frameworks;
			sourceTree = "<group>";
		};
		EE39ACE0200CBD9700D084CE /* iOSFiles */ = {
			isa = PBXGroup;
			children = (
				EE39ACE3200CBD9700D084CE /* Assets.xcassets */,
				EE39ACE4200CBD9700D084CE /* MainMenu.xib */,
				EE39ACE1200CBD9700D084CE /* AppDelegate.h */,
				EE39ACE2200CBD9700D084CE /* AppDelegate.m */,
				EE39ACF9200CBD9700D084CE /* main.m */,
				B9104C97200DB2C300C1ECEA /* iOSFilesPch.pch */,
				B996D9CB2019E26900E6991A /* IMBConst.h */,
				B996D9CC2019E26900E6991A /* IMBConst.m */,
				EE39ACEB200CBD9700D084CE /* Info.plist */,
				EE39ACE6200CBD9700D084CE /* deviceConnection */,
				EE39ACEC200CBD9700D084CE /* Log */,
				EE39ACFA200CBD9700D084CE /* UI */,
			);
			path = iOSFiles;
			sourceTree = "<group>";
		};
		EE39ACE6200CBD9700D084CE /* deviceConnection */ = {
			isa = PBXGroup;
			children = (
				B9FBDE1B200D9C440004A995 /* IMBDeviceConnection.h */,
				B9FBDE1C200D9C440004A995 /* IMBDeviceConnection.m */,
				EE39ACE9200CBD9700D084CE /* MobileDeviceAccess.h */,
				EE39ACEA200CBD9700D084CE /* MobileDeviceAccess.m */,
				EE39ACE8200CBD9700D084CE /* MobileDevice.h */,
				B9104C9A200DFDFA00C1ECEA /* IMBAMDeviceInfo.h */,
				B9104C9B200DFDFA00C1ECEA /* IMBAMDeviceInfo.m */,
				B9104C9C200DFDFA00C1ECEA /* IMBDeviceInfo.h */,
				B9104C9D200DFDFA00C1ECEA /* IMBDeviceInfo.m */,
				EE39ACE7200CBD9700D084CE /* IMBNotificationDefine.h */,
				B9FBDD9E200EF8E300D02B13 /* TempHelper.h */,
				B9FBDD9F200EF8E300D02B13 /* TempHelper.m */,
				B9FBDD98200EF7FD00D02B13 /* IMBAMFileSystem.h */,
				B9FBDD99200EF7FD00D02B13 /* IMBAMFileSystem.m */,
				B9FBDD9A200EF7FD00D02B13 /* IMBFileSystem.h */,
				B9FBDD9B200EF7FD00D02B13 /* IMBFileSystem.m */,
				B9FBDD92200EF73B00D02B13 /* IMBiPod.h */,
				B9FBDD93200EF73B00D02B13 /* IMBiPod.m */,
				B9FBDD94200EF73B00D02B13 /* IMBSession.h */,
				B9FBDD95200EF73B00D02B13 /* IMBSession.m */,
				B9104CA3200DFE4E00C1ECEA /* IMBSupportedArtworkFormat.h */,
				B9104CA4200DFE4E00C1ECEA /* IMBSupportedArtworkFormat.m */,
				B9104CA0200DFE1800C1ECEA /* IMBCommonEnum.h */,
				B9104CA1200DFE1800C1ECEA /* IMBCommonEnum.m */,
			);
			path = deviceConnection;
			sourceTree = "<group>";
		};
		EE39ACEC200CBD9700D084CE /* Log */ = {
			isa = PBXGroup;
			children = (
				EE39ACED200CBD9700D084CE /* DDAbstractDatabaseLogger.h */,
				EE39ACEE200CBD9700D084CE /* DDAbstractDatabaseLogger.m */,
				EE39ACEF200CBD9700D084CE /* DDASLLogger.h */,
				EE39ACF0200CBD9700D084CE /* DDASLLogger.m */,
				EE39ACF1200CBD9700D084CE /* DDFileLogger.h */,
				EE39ACF2200CBD9700D084CE /* DDFileLogger.m */,
				EE39ACF3200CBD9700D084CE /* DDLog.h */,
				EE39ACF4200CBD9700D084CE /* DDLog.m */,
				EE39ACF5200CBD9700D084CE /* DDTTYLogger.h */,
				EE39ACF6200CBD9700D084CE /* DDTTYLogger.m */,
				EE39ACF7200CBD9700D084CE /* IMBLogManager.h */,
				EE39ACF8200CBD9700D084CE /* IMBLogManager.m */,
			);
			path = Log;
			sourceTree = "<group>";
		};
		EE39ACFA200CBD9700D084CE /* UI */ = {
			isa = PBXGroup;
			children = (
				EE39AD9A200F038300D084CE /* helper */,
				EE39AD29200D8BBD00D084CE /* controller */,
				EE39ACFB200CBD9700D084CE /* resource */,
				EE39AD02200CBD9700D084CE /* view */,
				EE39AD0A200CBD9700D084CE /* window */,
			);
			path = UI;
			sourceTree = "<group>";
		};
		EE39ACFB200CBD9700D084CE /* resource */ = {
			isa = PBXGroup;
			children = (
			);
			path = resource;
			sourceTree = "<group>";
		};
		EE39AD02200CBD9700D084CE /* view */ = {
			isa = PBXGroup;
			children = (
				B996D9AE2019730100E6991A /* IMBSelecedDeviceBtn.h */,
				B996D9AF2019730100E6991A /* IMBSelecedDeviceBtn.m */,
				EE39AD04200CBD9700D084CE /* IMBLackCornerView.h */,
				EE39AD05200CBD9700D084CE /* IMBLackCornerView.m */,
				EE39AD06200CBD9700D084CE /* IMBNoTitleBarContentView.h */,
				EE39AD07200CBD9700D084CE /* IMBNoTitleBarContentView.m */,
				EE39AD08200CBD9700D084CE /* IMBWhiteView.h */,
				EE39AD09200CBD9700D084CE /* IMBWhiteView.m */,
			);
			path = view;
			sourceTree = "<group>";
		};
		EE39AD0A200CBD9700D084CE /* window */ = {
			isa = PBXGroup;
			children = (
				EE39AD0B200CBD9700D084CE /* _NSThemeWidget.h */,
				EE39AD0C200CBD9700D084CE /* _NSThemeWidgetCell.h */,
				EE39AD0D200CBD9700D084CE /* IMBMainWindowController.h */,
				EE39AD0E200CBD9700D084CE /* IMBMainWindowController.m */,
				EE39AD0F200CBD9700D084CE /* IMBMainWindowController.xib */,
				EE39AD10200CBD9700D084CE /* IMBNoTitleBarWindow.h */,
				EE39AD11200CBD9700D084CE /* IMBNoTitleBarWindow.m */,
			);
			path = window;
			sourceTree = "<group>";
		};
		EE39AD29200D8BBD00D084CE /* controller */ = {
			isa = PBXGroup;
			children = (
				EE39AD34200D8DB000D084CE /* IMBDeviceViewController.h */,
				EE39AD35200D8DB000D084CE /* IMBDeviceViewController.m */,
				EE39AD36200D8DB000D084CE /* IMBDeviceViewController.xib */,
				EE39AD2F200D8CA500D084CE /* IMBDisconnectViewController.h */,
				EE39AD30200D8CA500D084CE /* IMBDisconnectViewController.m */,
				EE39AD31200D8CA500D084CE /* IMBDisconnectViewController.xib */,
				B996D9C42019CA7600E6991A /* IMBDevViewController.h */,
				B996D9C52019CA7600E6991A /* IMBDevViewController.m */,
				B996D9C62019CA7600E6991A /* IMBDevViewController.xib */,
			);
			path = controller;
			sourceTree = "<group>";
		};
		EE39AD9A200F038300D084CE /* helper */ = {
			isa = PBXGroup;
			children = (
				EE39AD9B200F038300D084CE /* NSBezierPath+BezierPathQuartzUtilities.h */,
				EE39AD9C200F038300D084CE /* NSBezierPath+BezierPathQuartzUtilities.m */,
				EE39AD9D200F038300D084CE /* NSData+Category.h */,
				EE39AD9E200F038300D084CE /* NSData+Category.m */,
				EE39AD9F200F038300D084CE /* NSDictionary+Category.h */,
				EE39ADA0200F038300D084CE /* NSDictionary+Category.m */,
				EE39ADA1200F038300D084CE /* NSString+Category.h */,
				EE39ADA2200F038300D084CE /* NSString+Category.m */,
				EE39ADA3200F038300D084CE /* StringHelper.h */,
				EE39ADA4200F038300D084CE /* StringHelper.m */,
			);
			path = helper;
			sourceTree = "<group>";
		};
/* End PBXGroup section */

/* Begin PBXNativeTarget section */
		EE39AB73200C5EB300D084CE /* iOSFiles */ = {
			isa = PBXNativeTarget;
			buildConfigurationList = EE39AB9B200C5EB300D084CE /* Build configuration list for PBXNativeTarget "iOSFiles" */;
			buildPhases = (
				EE39AB70200C5EB300D084CE /* Sources */,
				EE39AB71200C5EB300D084CE /* Frameworks */,
				EE39AB72200C5EB300D084CE /* Resources */,
			);
			buildRules = (
			);
			dependencies = (
			);
			name = iOSFiles;
			productName = "iOS File";
			productReference = EE39AB74200C5EB300D084CE /* iOSFiles.app */;
			productType = "com.apple.product-type.application";
		};
/* End PBXNativeTarget section */

/* Begin PBXProject section */
		EE39AB6C200C5EB300D084CE /* Project object */ = {
			isa = PBXProject;
			attributes = {
				LastUpgradeCheck = 0730;
				ORGANIZATIONNAME = iMobie;
				TargetAttributes = {
					EE39AB73200C5EB300D084CE = {
						CreatedOnToolsVersion = 7.3.1;
					};
				};
			};
			buildConfigurationList = EE39AB6F200C5EB300D084CE /* Build configuration list for PBXProject "iOSFiles" */;
			compatibilityVersion = "Xcode 3.2";
			developmentRegion = English;
			hasScannedForEncodings = 0;
			knownRegions = (
				en,
				Base,
			);
			mainGroup = EE39AB6B200C5EB300D084CE;
			productRefGroup = EE39AB75200C5EB300D084CE /* Products */;
			projectDirPath = "";
			projectRoot = "";
			targets = (
				EE39AB73200C5EB300D084CE /* iOSFiles */,
			);
		};
/* End PBXProject section */

/* Begin PBXResourcesBuildPhase section */
		EE39AB72200C5EB300D084CE /* Resources */ = {
			isa = PBXResourcesBuildPhase;
			buildActionMask = 2147483647;
			files = (
				EE39AD13200CBD9700D084CE /* Assets.xcassets in Resources */,
				EE39AD14200CBD9700D084CE /* MainMenu.xib in Resources */,
				EE39AD33200D8CA500D084CE /* IMBDisconnectViewController.xib in Resources */,
				EE39AD16200CBD9700D084CE /* Info.plist in Resources */,
				EE39AD25200CBD9700D084CE /* IMBMainWindowController.xib in Resources */,
				EE39AD38200D8DB000D084CE /* IMBDeviceViewController.xib in Resources */,
				B996D9C82019CA7600E6991A /* IMBDevViewController.xib in Resources */,
			);
			runOnlyForDeploymentPostprocessing = 0;
		};
/* End PBXResourcesBuildPhase section */

/* Begin PBXSourcesBuildPhase section */
		EE39AB70200C5EB300D084CE /* Sources */ = {
			isa = PBXSourcesBuildPhase;
			buildActionMask = 2147483647;
			files = (
				EE39ADA5200F038300D084CE /* NSBezierPath+BezierPathQuartzUtilities.m in Sources */,
				B9FBDD9C200EF7FD00D02B13 /* IMBAMFileSystem.m in Sources */,
				B996D9CD2019E26900E6991A /* IMBConst.m in Sources */,
				B9104CA5200DFE4E00C1ECEA /* IMBSupportedArtworkFormat.m in Sources */,
				B9FBDD9D200EF7FD00D02B13 /* IMBFileSystem.m in Sources */,
				B9FBDDA0200EF8E300D02B13 /* TempHelper.m in Sources */,
				B996D9C72019CA7600E6991A /* IMBDevViewController.m in Sources */,
				B9FBDE1D200D9C440004A995 /* IMBDeviceConnection.m in Sources */,
				B9FBDD97200EF73C00D02B13 /* IMBSession.m in Sources */,
				B9104CA2200DFE1800C1ECEA /* IMBCommonEnum.m in Sources */,
				B9FBDD96200EF73B00D02B13 /* IMBiPod.m in Sources */,
				EE39AD1A200CBD9700D084CE /* DDLog.m in Sources */,
				EE39AD18200CBD9700D084CE /* DDASLLogger.m in Sources */,
				B996D9B02019730100E6991A /* IMBSelecedDeviceBtn.m in Sources */,
				EE39AD23200CBD9700D084CE /* IMBWhiteView.m in Sources */,
				B9104C9F200DFDFA00C1ECEA /* IMBDeviceInfo.m in Sources */,
				EE39ADA8200F038300D084CE /* NSString+Category.m in Sources */,
				EE39AD26200CBD9700D084CE /* IMBNoTitleBarWindow.m in Sources */,
				B9104C9E200DFDFA00C1ECEA /* IMBAMDeviceInfo.m in Sources */,
				EE39AD12200CBD9700D084CE /* AppDelegate.m in Sources */,
				EE39ADA6200F038300D084CE /* NSData+Category.m in Sources */,
				EE39AD21200CBD9700D084CE /* IMBLackCornerView.m in Sources */,
				EE39AD22200CBD9700D084CE /* IMBNoTitleBarContentView.m in Sources */,
				EE39AD15200CBD9700D084CE /* MobileDeviceAccess.m in Sources */,
				EE39AD17200CBD9700D084CE /* DDAbstractDatabaseLogger.m in Sources */,
				EE39AD1B200CBD9700D084CE /* DDTTYLogger.m in Sources */,
				EE39AD32200D8CA500D084CE /* IMBDisconnectViewController.m in Sources */,
				EE39AD37200D8DB000D084CE /* IMBDeviceViewController.m in Sources */,
				EE39AD19200CBD9700D084CE /* DDFileLogger.m in Sources */,
				EE39AD24200CBD9700D084CE /* IMBMainWindowController.m in Sources */,
				EE39AD1D200CBD9700D084CE /* main.m in Sources */,
				EE39ADA7200F038300D084CE /* NSDictionary+Category.m in Sources */,
				EE39AD1C200CBD9700D084CE /* IMBLogManager.m in Sources */,
				EE39ADA9200F038300D084CE /* StringHelper.m in Sources */,
			);
			runOnlyForDeploymentPostprocessing = 0;
		};
/* End PBXSourcesBuildPhase section */

/* Begin PBXVariantGroup section */
		EE39ACE4200CBD9700D084CE /* MainMenu.xib */ = {
			isa = PBXVariantGroup;
			children = (
				EE39ACE5200CBD9700D084CE /* Base */,
			);
			name = MainMenu.xib;
			sourceTree = "<group>";
		};
/* End PBXVariantGroup section */

/* Begin XCBuildConfiguration section */
		EE39AB99200C5EB300D084CE /* Debug */ = {
			isa = XCBuildConfiguration;
			buildSettings = {
				ALWAYS_SEARCH_USER_PATHS = NO;
				ARCHS = "$(ARCHS_STANDARD_64_BIT)";
				CLANG_ANALYZER_NONNULL = YES;
				CLANG_CXX_LANGUAGE_STANDARD = "gnu++0x";
				CLANG_CXX_LIBRARY = "libc++";
				CLANG_ENABLE_MODULES = YES;
				CLANG_ENABLE_OBJC_ARC = YES;
				CLANG_WARN_BOOL_CONVERSION = YES;
				CLANG_WARN_CONSTANT_CONVERSION = YES;
				CLANG_WARN_DIRECT_OBJC_ISA_USAGE = YES_ERROR;
				CLANG_WARN_EMPTY_BODY = YES;
				CLANG_WARN_ENUM_CONVERSION = YES;
				CLANG_WARN_INT_CONVERSION = YES;
				CLANG_WARN_OBJC_ROOT_CLASS = YES_ERROR;
				CLANG_WARN_UNREACHABLE_CODE = YES;
				CLANG_WARN__ARC_BRIDGE_CAST_NONARC = NO;
				CLANG_WARN__DUPLICATE_METHOD_MATCH = YES;
				CODE_SIGN_IDENTITY = "-";
				COPY_PHASE_STRIP = NO;
				DEBUG_INFORMATION_FORMAT = dwarf;
				ENABLE_STRICT_OBJC_MSGSEND = YES;
				ENABLE_TESTABILITY = YES;
				GCC_C_LANGUAGE_STANDARD = gnu99;
				GCC_DYNAMIC_NO_PIC = NO;
				GCC_NO_COMMON_BLOCKS = YES;
				GCC_OPTIMIZATION_LEVEL = 0;
				GCC_PREPROCESSOR_DEFINITIONS = (
					"DEBUG=1",
					"$(inherited)",
				);
				GCC_WARN_64_TO_32_BIT_CONVERSION = YES;
				GCC_WARN_ABOUT_RETURN_TYPE = YES_ERROR;
				GCC_WARN_UNDECLARED_SELECTOR = YES;
				GCC_WARN_UNINITIALIZED_AUTOS = YES_AGGRESSIVE;
				GCC_WARN_UNUSED_FUNCTION = YES;
				GCC_WARN_UNUSED_VARIABLE = YES;
				MACOSX_DEPLOYMENT_TARGET = 10.8;
				MTL_ENABLE_DEBUG_INFO = YES;
				ONLY_ACTIVE_ARCH = YES;
				SDKROOT = macosx10.9;
			};
			name = Debug;
		};
		EE39AB9A200C5EB300D084CE /* Release */ = {
			isa = XCBuildConfiguration;
			buildSettings = {
				ALWAYS_SEARCH_USER_PATHS = NO;
				ARCHS = "$(ARCHS_STANDARD_64_BIT)";
				CLANG_ANALYZER_NONNULL = YES;
				CLANG_CXX_LANGUAGE_STANDARD = "gnu++0x";
				CLANG_CXX_LIBRARY = "libc++";
				CLANG_ENABLE_MODULES = YES;
				CLANG_ENABLE_OBJC_ARC = YES;
				CLANG_WARN_BOOL_CONVERSION = YES;
				CLANG_WARN_CONSTANT_CONVERSION = YES;
				CLANG_WARN_DIRECT_OBJC_ISA_USAGE = YES_ERROR;
				CLANG_WARN_EMPTY_BODY = YES;
				CLANG_WARN_ENUM_CONVERSION = YES;
				CLANG_WARN_INT_CONVERSION = YES;
				CLANG_WARN_OBJC_ROOT_CLASS = YES_ERROR;
				CLANG_WARN_UNREACHABLE_CODE = YES;
				CLANG_WARN__ARC_BRIDGE_CAST_NONARC = NO;
				CLANG_WARN__DUPLICATE_METHOD_MATCH = YES;
				CODE_SIGN_IDENTITY = "-";
				COPY_PHASE_STRIP = NO;
				DEBUG_INFORMATION_FORMAT = "dwarf-with-dsym";
				ENABLE_NS_ASSERTIONS = NO;
				ENABLE_STRICT_OBJC_MSGSEND = YES;
				GCC_C_LANGUAGE_STANDARD = gnu99;
				GCC_NO_COMMON_BLOCKS = YES;
				GCC_WARN_64_TO_32_BIT_CONVERSION = YES;
				GCC_WARN_ABOUT_RETURN_TYPE = YES_ERROR;
				GCC_WARN_UNDECLARED_SELECTOR = YES;
				GCC_WARN_UNINITIALIZED_AUTOS = YES_AGGRESSIVE;
				GCC_WARN_UNUSED_FUNCTION = YES;
				GCC_WARN_UNUSED_VARIABLE = YES;
				MACOSX_DEPLOYMENT_TARGET = 10.8;
				MTL_ENABLE_DEBUG_INFO = NO;
				SDKROOT = macosx10.9;
			};
			name = Release;
		};
		EE39AB9C200C5EB300D084CE /* Debug */ = {
			isa = XCBuildConfiguration;
			buildSettings = {
				ASSETCATALOG_COMPILER_APPICON_NAME = AppIcon;
				CLANG_ENABLE_OBJC_ARC = NO;
				CLANG_WARN__ARC_BRIDGE_CAST_NONARC = NO;
				COMBINE_HIDPI_IMAGES = YES;
				FRAMEWORK_SEARCH_PATHS = (
					"$(inherited)",
					"$(SYSTEM_LIBRARY_DIR)/PrivateFrameworks",
				);
				GCC_PRECOMPILE_PREFIX_HEADER = YES;
				GCC_PREFIX_HEADER = "$(SRCROOT)/iOSFiles/iOSFilesPch.pch";
				INFOPLIST_FILE = iOSFiles/Info.plist;
				LD_RUNPATH_SEARCH_PATHS = "$(inherited) @executable_path/../Frameworks";
				OTHER_LDFLAGS = (
					"-Xlinker",
					"-U",
					"-Xlinker",
					_objc_readClassPair,
				);
				PRODUCT_BUNDLE_IDENTIFIER = iOSFiles;
				PRODUCT_NAME = iOSFiles;
			};
			name = Debug;
		};
		EE39AB9D200C5EB300D084CE /* Release */ = {
			isa = XCBuildConfiguration;
			buildSettings = {
				ASSETCATALOG_COMPILER_APPICON_NAME = AppIcon;
				CLANG_ENABLE_OBJC_ARC = NO;
				CLANG_WARN__ARC_BRIDGE_CAST_NONARC = NO;
				COMBINE_HIDPI_IMAGES = YES;
				FRAMEWORK_SEARCH_PATHS = (
					"$(inherited)",
					"$(SYSTEM_LIBRARY_DIR)/PrivateFrameworks",
				);
				GCC_PRECOMPILE_PREFIX_HEADER = YES;
				GCC_PREFIX_HEADER = "$(SRCROOT)/iOSFiles/iOSFilesPch.pch";
				INFOPLIST_FILE = iOSFiles/Info.plist;
				LD_RUNPATH_SEARCH_PATHS = "$(inherited) @executable_path/../Frameworks";
				OTHER_LDFLAGS = (
					"-Xlinker",
					"-U",
					"-Xlinker",
					_objc_readClassPair,
				);
				PRODUCT_BUNDLE_IDENTIFIER = iOSFiles;
				PRODUCT_NAME = iOSFiles;
			};
			name = Release;
		};
/* End XCBuildConfiguration section */

/* Begin XCConfigurationList section */
		EE39AB6F200C5EB300D084CE /* Build configuration list for PBXProject "iOSFiles" */ = {
			isa = XCConfigurationList;
			buildConfigurations = (
				EE39AB99200C5EB300D084CE /* Debug */,
				EE39AB9A200C5EB300D084CE /* Release */,
			);
			defaultConfigurationIsVisible = 0;
			defaultConfigurationName = Release;
		};
		EE39AB9B200C5EB300D084CE /* Build configuration list for PBXNativeTarget "iOSFiles" */ = {
			isa = XCConfigurationList;
			buildConfigurations = (
				EE39AB9C200C5EB300D084CE /* Debug */,
				EE39AB9D200C5EB300D084CE /* Release */,
			);
			defaultConfigurationIsVisible = 0;
			defaultConfigurationName = Release;
		};
/* End XCConfigurationList section */
	};
	rootObject = EE39AB6C200C5EB300D084CE /* Project object */;
}
