// !$*UTF8*$!
{
	archiveVersion = 1;
	classes = {
	};
	objectVersion = 46;
	objects = {

/* Begin PBXBuildFile section */
		B92BFD4120034D74003948D7 /* AppDelegate.m in Sources */ = {isa = PBXBuildFile; fileRef = B92BFD4020034D74003948D7 /* AppDelegate.m */; };
		B92BFD4420034D74003948D7 /* main.m in Sources */ = {isa = PBXBuildFile; fileRef = B92BFD4320034D74003948D7 /* main.m */; };
		B92BFD4720034D74003948D7 /* ViewController.m in Sources */ = {isa = PBXBuildFile; fileRef = B92BFD4620034D74003948D7 /* ViewController.m */; };
		B92BFD4920034D74003948D7 /* Assets.xcassets in Resources */ = {isa = PBXBuildFile; fileRef = B92BFD4820034D74003948D7 /* Assets.xcassets */; };
		B92BFD4C20034D74003948D7 /* Main.storyboard in Resources */ = {isa = PBXBuildFile; fileRef = B92BFD4A20034D74003948D7 /* Main.storyboard */; };
		B92BFD5720034D74003948D7 /* TestNewTests.m in Sources */ = {isa = PBXBuildFile; fileRef = B92BFD5620034D74003948D7 /* TestNewTests.m */; };
		B92BFD6220034D75003948D7 /* TestNewUITests.m in Sources */ = {isa = PBXBuildFile; fileRef = B92BFD6120034D75003948D7 /* TestNewUITests.m */; };
		B92BFD7A2003704F003948D7 /* QuartzCore.framework in Frameworks */ = {isa = PBXBuildFile; fileRef = B92BFD792003704F003948D7 /* QuartzCore.framework */; };
		B92BFD7D200370EC003948D7 /* MobileDevice.framework in Frameworks */ = {isa = PBXBuildFile; fileRef = B92BFD7C200370EC003948D7 /* MobileDevice.framework */; };
		B92BFD7F20037111003948D7 /* CoreMedia.framework in Frameworks */ = {isa = PBXBuildFile; fileRef = B92BFD7E20037111003948D7 /* CoreMedia.framework */; };
		B92BFD8120037143003948D7 /* Foundation.framework in Frameworks */ = {isa = PBXBuildFile; fileRef = B92BFD8020037143003948D7 /* Foundation.framework */; };
		B92BFD8320037153003948D7 /* CoreData.framework in Frameworks */ = {isa = PBXBuildFile; fileRef = B92BFD8220037153003948D7 /* CoreData.framework */; };
		B92BFD8520037165003948D7 /* AppKit.framework in Frameworks */ = {isa = PBXBuildFile; fileRef = B92BFD8420037165003948D7 /* AppKit.framework */; };
		B92BFD8B200371D5003948D7 /* IOKit.framework in Frameworks */ = {isa = PBXBuildFile; fileRef = B92BFD8A200371D5003948D7 /* IOKit.framework */; };
		B92BFD8D20037251003948D7 /* libsqlite3.dylib in Frameworks */ = {isa = PBXBuildFile; fileRef = B92BFD8C20037251003948D7 /* libsqlite3.dylib */; };
		B92BFD8F2003727E003948D7 /* libxml2.dylib in Frameworks */ = {isa = PBXBuildFile; fileRef = B92BFD8E2003727E003948D7 /* libxml2.dylib */; };
		B92BFD9120037296003948D7 /* libcrypto.dylib in Frameworks */ = {isa = PBXBuildFile; fileRef = B92BFD9020037296003948D7 /* libcrypto.dylib */; };
		B92BFD93200372A1003948D7 /* libssl.dylib in Frameworks */ = {isa = PBXBuildFile; fileRef = B92BFD92200372A1003948D7 /* libssl.dylib */; };
		B92BFD97200372C7003948D7 /* libz.1.2.5.dylib in Frameworks */ = {isa = PBXBuildFile; fileRef = B92BFD96200372C7003948D7 /* libz.1.2.5.dylib */; };
		B92BFD99200372D5003948D7 /* libcurl.dylib in Frameworks */ = {isa = PBXBuildFile; fileRef = B92BFD98200372D5003948D7 /* libcurl.dylib */; };
		B92BFD9B200372DE003948D7 /* libz.dylib in Frameworks */ = {isa = PBXBuildFile; fileRef = B92BFD9A200372DE003948D7 /* libz.dylib */; };
		B92BFD9D200372F3003948D7 /* Quartz.framework in Frameworks */ = {isa = PBXBuildFile; fileRef = B92BFD9C200372F3003948D7 /* Quartz.framework */; };
		B92BFD9F2003730D003948D7 /* libSystem.B.dylib in Frameworks */ = {isa = PBXBuildFile; fileRef = B92BFD9E2003730D003948D7 /* libSystem.B.dylib */; };
		B92BFDA120037321003948D7 /* libicucore.dylib in Frameworks */ = {isa = PBXBuildFile; fileRef = B92BFDA020037321003948D7 /* libicucore.dylib */; };
		B92BFDA32003733A003948D7 /* libiconv.dylib in Frameworks */ = {isa = PBXBuildFile; fileRef = B92BFDA22003733A003948D7 /* libiconv.dylib */; };
		B96F3536200CAD720026FC98 /* IMBiTunesCDBRoot.m in Sources */ = {isa = PBXBuildFile; fileRef = B96F34E5200CAD720026FC98 /* IMBiTunesCDBRoot.m */; };
		B96F3537200CAD720026FC98 /* iTunesCDB in Resources */ = {isa = PBXBuildFile; fileRef = B96F34E6200CAD720026FC98 /* iTunesCDB */; };
		B96F3538200CAD720026FC98 /* IMBSqliteTables.m in Sources */ = {isa = PBXBuildFile; fileRef = B96F34E9200CAD720026FC98 /* IMBSqliteTables.m */; };
		B96F3539200CAD720026FC98 /* IMBSqliteTables_31.m in Sources */ = {isa = PBXBuildFile; fileRef = B96F34EB200CAD720026FC98 /* IMBSqliteTables_31.m */; };
		B96F353A200CAD720026FC98 /* IMBSqliteTables_4.m in Sources */ = {isa = PBXBuildFile; fileRef = B96F34ED200CAD720026FC98 /* IMBSqliteTables_4.m */; };
		B96F353B200CAD720026FC98 /* IMBSqliteTables_Above3.m in Sources */ = {isa = PBXBuildFile; fileRef = B96F34EF200CAD720026FC98 /* IMBSqliteTables_Above3.m */; };
		B96F353C200CAD720026FC98 /* IMBSqliteTables_Nano5G.m in Sources */ = {isa = PBXBuildFile; fileRef = B96F34F1200CAD720026FC98 /* IMBSqliteTables_Nano5G.m */; };
		B96F353D200CAD720026FC98 /* IMBSqliteTables_Nano6G.m in Sources */ = {isa = PBXBuildFile; fileRef = B96F34F3200CAD720026FC98 /* IMBSqliteTables_Nano6G.m */; };
		B96F353E200CAD720026FC98 /* IMBSqliteTables_5.m in Sources */ = {isa = PBXBuildFile; fileRef = B96F34F6200CAD720026FC98 /* IMBSqliteTables_5.m */; };
		B96F353F200CAD720026FC98 /* IMBSyncAppBuilder.m in Sources */ = {isa = PBXBuildFile; fileRef = B96F34F8200CAD720026FC98 /* IMBSyncAppBuilder.m */; };
		B96F3540200CAD720026FC98 /* IMBSyncPlistBuilder.m in Sources */ = {isa = PBXBuildFile; fileRef = B96F34FA200CAD720026FC98 /* IMBSyncPlistBuilder.m */; };
		B96F3541200CAD720026FC98 /* IMBDatabaseHasher.mm in Sources */ = {isa = PBXBuildFile; fileRef = B96F34FE200CAD720026FC98 /* IMBDatabaseHasher.mm */; };
		B96F3542200CAD720026FC98 /* IMBHash58.cpp in Sources */ = {isa = PBXBuildFile; fileRef = B96F34FF200CAD720026FC98 /* IMBHash58.cpp */; };
		B96F3543200CAD720026FC98 /* IMBHash72.cpp in Sources */ = {isa = PBXBuildFile; fileRef = B96F3501200CAD720026FC98 /* IMBHash72.cpp */; };
		B96F3544200CAD720026FC98 /* rijndael.c in Sources */ = {isa = PBXBuildFile; fileRef = B96F3503200CAD720026FC98 /* rijndael.c */; };
		B96F3545200CAD720026FC98 /* IMBAlbumListContainer.m in Sources */ = {isa = PBXBuildFile; fileRef = B96F3506200CAD720026FC98 /* IMBAlbumListContainer.m */; };
		B96F3546200CAD720026FC98 /* IMBIDGenerator.m in Sources */ = {isa = PBXBuildFile; fileRef = B96F3508200CAD720026FC98 /* IMBIDGenerator.m */; };
		B96F3547200CAD720026FC98 /* IMBiTunesDBRoot.m in Sources */ = {isa = PBXBuildFile; fileRef = B96F350A200CAD720026FC98 /* IMBiTunesDBRoot.m */; };
		B96F3548200CAD720026FC98 /* IMBListContainerHeader.m in Sources */ = {isa = PBXBuildFile; fileRef = B96F350C200CAD720026FC98 /* IMBListContainerHeader.m */; };
		B96F3549200CAD720026FC98 /* IMBPlaylist.m in Sources */ = {isa = PBXBuildFile; fileRef = B96F350E200CAD720026FC98 /* IMBPlaylist.m */; };
		B96F354A200CAD720026FC98 /* IMBPlaylistItem.m in Sources */ = {isa = PBXBuildFile; fileRef = B96F3510200CAD720026FC98 /* IMBPlaylistItem.m */; };
		B96F354B200CAD720026FC98 /* IMBPlaylistList.m in Sources */ = {isa = PBXBuildFile; fileRef = B96F3512200CAD720026FC98 /* IMBPlaylistList.m */; };
		B96F354C200CAD720026FC98 /* IMBPlaylistListContainer.m in Sources */ = {isa = PBXBuildFile; fileRef = B96F3514200CAD720026FC98 /* IMBPlaylistListContainer.m */; };
		B96F354D200CAD720026FC98 /* IMBPlaylistListV2Container.m in Sources */ = {isa = PBXBuildFile; fileRef = B96F3516200CAD720026FC98 /* IMBPlaylistListV2Container.m */; };
		B96F354E200CAD720026FC98 /* IMBPodcastListAdapter.m in Sources */ = {isa = PBXBuildFile; fileRef = B96F3518200CAD720026FC98 /* IMBPodcastListAdapter.m */; };
		B96F354F200CAD720026FC98 /* IMBTrack.m in Sources */ = {isa = PBXBuildFile; fileRef = B96F351A200CAD720026FC98 /* IMBTrack.m */; };
		B96F3550200CAD720026FC98 /* IMBTracklist.m in Sources */ = {isa = PBXBuildFile; fileRef = B96F351C200CAD720026FC98 /* IMBTracklist.m */; };
		B96F3551200CAD720026FC98 /* IMBTrackListContainer.m in Sources */ = {isa = PBXBuildFile; fileRef = B96F351E200CAD720026FC98 /* IMBTrackListContainer.m */; };
		B96F3552200CAD720026FC98 /* IMBType5Container.m in Sources */ = {isa = PBXBuildFile; fileRef = B96F3520200CAD720026FC98 /* IMBType5Container.m */; };
		B96F3553200CAD720026FC98 /* IMBType6Container.m in Sources */ = {isa = PBXBuildFile; fileRef = B96F3522200CAD720026FC98 /* IMBType6Container.m */; };
		B96F3554200CAD720026FC98 /* IMBUnknownListContainer.m in Sources */ = {isa = PBXBuildFile; fileRef = B96F3524200CAD720026FC98 /* IMBUnknownListContainer.m */; };
		B96F3555200CAD720026FC98 /* IMBArtworkStringMHOD.m in Sources */ = {isa = PBXBuildFile; fileRef = B96F3527200CAD720026FC98 /* IMBArtworkStringMHOD.m */; };
		B96F3556200CAD720026FC98 /* IMBBaseMHODElement.m in Sources */ = {isa = PBXBuildFile; fileRef = B96F3529200CAD720026FC98 /* IMBBaseMHODElement.m */; };
		B96F3557200CAD720026FC98 /* IMBMenuIndexMHOD.m in Sources */ = {isa = PBXBuildFile; fileRef = B96F352B200CAD720026FC98 /* IMBMenuIndexMHOD.m */; };
		B96F3558200CAD720026FC98 /* IMBMHODFactory.m in Sources */ = {isa = PBXBuildFile; fileRef = B96F352D200CAD720026FC98 /* IMBMHODFactory.m */; };
		B96F3559200CAD720026FC98 /* IMBPlaylistPositionMHOD.m in Sources */ = {isa = PBXBuildFile; fileRef = B96F352F200CAD720026FC98 /* IMBPlaylistPositionMHOD.m */; };
		B96F355A200CAD720026FC98 /* IMBStringMHOD.m in Sources */ = {isa = PBXBuildFile; fileRef = B96F3531200CAD720026FC98 /* IMBStringMHOD.m */; };
		B96F355B200CAD720026FC98 /* IMBUnicodeMHOD.m in Sources */ = {isa = PBXBuildFile; fileRef = B96F3533200CAD720026FC98 /* IMBUnicodeMHOD.m */; };
		B96F355C200CAD720026FC98 /* IMBUnknownMHOD.m in Sources */ = {isa = PBXBuildFile; fileRef = B96F3535200CAD720026FC98 /* IMBUnknownMHOD.m */; };
		B96F3561200CADA50026FC98 /* IMBBaseDatabase.m in Sources */ = {isa = PBXBuildFile; fileRef = B96F355E200CADA50026FC98 /* IMBBaseDatabase.m */; };
		B96F3562200CADA50026FC98 /* IMBBaseDatabaseElement.m in Sources */ = {isa = PBXBuildFile; fileRef = B96F3560200CADA50026FC98 /* IMBBaseDatabaseElement.m */; };
		B96F3565200CADCA0026FC98 /* IMBiPod.m in Sources */ = {isa = PBXBuildFile; fileRef = B96F3564200CADCA0026FC98 /* IMBiPod.m */; };
		B96F3568200CADDF0026FC98 /* MobileDeviceAccess.m in Sources */ = {isa = PBXBuildFile; fileRef = B96F3567200CADDF0026FC98 /* MobileDeviceAccess.m */; };
		B96F356B200CAE0A0026FC98 /* IMBBaseEntity.m in Sources */ = {isa = PBXBuildFile; fileRef = B96F356A200CAE0A0026FC98 /* IMBBaseEntity.m */; };
		B96F356E200CAE2C0026FC98 /* IMBCommonEnum.m in Sources */ = {isa = PBXBuildFile; fileRef = B96F356D200CAE2C0026FC98 /* IMBCommonEnum.m */; };
		B96F3571200CAE4D0026FC98 /* DateHelper.m in Sources */ = {isa = PBXBuildFile; fileRef = B96F3570200CAE4D0026FC98 /* DateHelper.m */; };
		B96F3576200CAE690026FC98 /* MediaHelper.m in Sources */ = {isa = PBXBuildFile; fileRef = B96F3573200CAE690026FC98 /* MediaHelper.m */; };
		B96F3577200CAE690026FC98 /* StringHelper.m in Sources */ = {isa = PBXBuildFile; fileRef = B96F3575200CAE690026FC98 /* StringHelper.m */; };
		B96F3580200CAE9D0026FC98 /* IMBArtworkDB.m in Sources */ = {isa = PBXBuildFile; fileRef = B96F3579200CAE9D0026FC98 /* IMBArtworkDB.m */; };
		B96F3581200CAE9D0026FC98 /* IMBArtworkDBRoot.m in Sources */ = {isa = PBXBuildFile; fileRef = B96F357B200CAE9D0026FC98 /* IMBArtworkDBRoot.m */; };
		B96F3582200CAE9D0026FC98 /* IMBArtworkEntity.m in Sources */ = {isa = PBXBuildFile; fileRef = B96F357D200CAE9D0026FC98 /* IMBArtworkEntity.m */; };
		B96F3583200CAE9D0026FC98 /* IMBArtworkHelper.m in Sources */ = {isa = PBXBuildFile; fileRef = B96F357F200CAE9D0026FC98 /* IMBArtworkHelper.m */; };
		B96F3586200CB1A30026FC98 /* TempHelper.m in Sources */ = {isa = PBXBuildFile; fileRef = B96F3585200CB1A30026FC98 /* TempHelper.m */; };
		B96F3589200CB1C60026FC98 /* IMBSession.m in Sources */ = {isa = PBXBuildFile; fileRef = B96F3588200CB1C60026FC98 /* IMBSession.m */; };
		B96F358C200CB1E80026FC98 /* IMBNewTrack.m in Sources */ = {isa = PBXBuildFile; fileRef = B96F358B200CB1E80026FC98 /* IMBNewTrack.m */; };
		B9BDB4C5200618ED00514704 /* NSString+ZLExtension.m in Sources */ = {isa = PBXBuildFile; fileRef = B9BDB4C4200618ED00514704 /* NSString+ZLExtension.m */; };
		B9BDB4C820061A0200514704 /* ZLFileTool.m in Sources */ = {isa = PBXBuildFile; fileRef = B9BDB4C720061A0200514704 /* ZLFileTool.m */; };
		B9E1272E20045101008F6854 /* NSString+Category.m in Sources */ = {isa = PBXBuildFile; fileRef = B9E1272D20045101008F6854 /* NSString+Category.m */; };
		B9E127312004512C008F6854 /* NSData+Category.m in Sources */ = {isa = PBXBuildFile; fileRef = B9E127302004512C008F6854 /* NSData+Category.m */; };
		B9E1273420045148008F6854 /* NSDictionary+Category.m in Sources */ = {isa = PBXBuildFile; fileRef = B9E1273320045148008F6854 /* NSDictionary+Category.m */; };
		FACE9E11200B65D2002AB92A /* CusArchiever.m in Sources */ = {isa = PBXBuildFile; fileRef = FACE9E10200B65D2002AB92A /* CusArchiever.m */; };
/* End PBXBuildFile section */

/* Begin PBXContainerItemProxy section */
		B92BFD5320034D74003948D7 /* PBXContainerItemProxy */ = {
			isa = PBXContainerItemProxy;
			containerPortal = B92BFD3420034D74003948D7 /* Project object */;
			proxyType = 1;
			remoteGlobalIDString = B92BFD3B20034D74003948D7;
			remoteInfo = TestNew;
		};
		B92BFD5E20034D75003948D7 /* PBXContainerItemProxy */ = {
			isa = PBXContainerItemProxy;
			containerPortal = B92BFD3420034D74003948D7 /* Project object */;
			proxyType = 1;
			remoteGlobalIDString = B92BFD3B20034D74003948D7;
			remoteInfo = TestNew;
		};
/* End PBXContainerItemProxy section */

/* Begin PBXFileReference section */
		B92BFD3C20034D74003948D7 /* TestNew.app */ = {isa = PBXFileReference; explicitFileType = wrapper.application; includeInIndex = 0; path = TestNew.app; sourceTree = BUILT_PRODUCTS_DIR; };
		B92BFD3F20034D74003948D7 /* AppDelegate.h */ = {isa = PBXFileReference; lastKnownFileType = sourcecode.c.h; path = AppDelegate.h; sourceTree = "<group>"; };
		B92BFD4020034D74003948D7 /* AppDelegate.m */ = {isa = PBXFileReference; lastKnownFileType = sourcecode.c.objc; path = AppDelegate.m; sourceTree = "<group>"; };
		B92BFD4320034D74003948D7 /* main.m */ = {isa = PBXFileReference; lastKnownFileType = sourcecode.c.objc; path = main.m; sourceTree = "<group>"; };
		B92BFD4520034D74003948D7 /* ViewController.h */ = {isa = PBXFileReference; lastKnownFileType = sourcecode.c.h; path = ViewController.h; sourceTree = "<group>"; };
		B92BFD4620034D74003948D7 /* ViewController.m */ = {isa = PBXFileReference; lastKnownFileType = sourcecode.c.objc; path = ViewController.m; sourceTree = "<group>"; };
		B92BFD4820034D74003948D7 /* Assets.xcassets */ = {isa = PBXFileReference; lastKnownFileType = folder.assetcatalog; path = Assets.xcassets; sourceTree = "<group>"; };
		B92BFD4B20034D74003948D7 /* Base */ = {isa = PBXFileReference; lastKnownFileType = file.storyboard; name = Base; path = Base.lproj/Main.storyboard; sourceTree = "<group>"; };
		B92BFD4D20034D74003948D7 /* Info.plist */ = {isa = PBXFileReference; lastKnownFileType = text.plist.xml; path = Info.plist; sourceTree = "<group>"; };
		B92BFD5220034D74003948D7 /* TestNewTests.xctest */ = {isa = PBXFileReference; explicitFileType = wrapper.cfbundle; includeInIndex = 0; path = TestNewTests.xctest; sourceTree = BUILT_PRODUCTS_DIR; };
		B92BFD5620034D74003948D7 /* TestNewTests.m */ = {isa = PBXFileReference; lastKnownFileType = sourcecode.c.objc; path = TestNewTests.m; sourceTree = "<group>"; };
		B92BFD5820034D74003948D7 /* Info.plist */ = {isa = PBXFileReference; lastKnownFileType = text.plist.xml; path = Info.plist; sourceTree = "<group>"; };
		B92BFD5D20034D75003948D7 /* TestNewUITests.xctest */ = {isa = PBXFileReference; explicitFileType = wrapper.cfbundle; includeInIndex = 0; path = TestNewUITests.xctest; sourceTree = BUILT_PRODUCTS_DIR; };
		B92BFD6120034D75003948D7 /* TestNewUITests.m */ = {isa = PBXFileReference; lastKnownFileType = sourcecode.c.objc; path = TestNewUITests.m; sourceTree = "<group>"; };
		B92BFD6320034D75003948D7 /* Info.plist */ = {isa = PBXFileReference; lastKnownFileType = text.plist.xml; path = Info.plist; sourceTree = "<group>"; };
		B92BFD792003704F003948D7 /* QuartzCore.framework */ = {isa = PBXFileReference; lastKnownFileType = wrapper.framework; name = QuartzCore.framework; path = Platforms/MacOSX.platform/Developer/SDKs/MacOSX10.9.sdk/System/Library/Frameworks/QuartzCore.framework; sourceTree = DEVELOPER_DIR; };
		B92BFD7C200370EC003948D7 /* MobileDevice.framework */ = {isa = PBXFileReference; lastKnownFileType = wrapper.framework; name = MobileDevice.framework; path = ../../../../../../../System/Library/PrivateFrameworks/MobileDevice.framework; sourceTree = "<group>"; };
		B92BFD7E20037111003948D7 /* CoreMedia.framework */ = {isa = PBXFileReference; lastKnownFileType = wrapper.framework; name = CoreMedia.framework; path = Platforms/MacOSX.platform/Developer/SDKs/MacOSX10.9.sdk/System/Library/Frameworks/CoreMedia.framework; sourceTree = DEVELOPER_DIR; };
		B92BFD8020037143003948D7 /* Foundation.framework */ = {isa = PBXFileReference; lastKnownFileType = wrapper.framework; name = Foundation.framework; path = Platforms/MacOSX.platform/Developer/SDKs/MacOSX10.9.sdk/System/Library/Frameworks/Foundation.framework; sourceTree = DEVELOPER_DIR; };
		B92BFD8220037153003948D7 /* CoreData.framework */ = {isa = PBXFileReference; lastKnownFileType = wrapper.framework; name = CoreData.framework; path = Platforms/MacOSX.platform/Developer/SDKs/MacOSX10.9.sdk/System/Library/Frameworks/CoreData.framework; sourceTree = DEVELOPER_DIR; };
		B92BFD8420037165003948D7 /* AppKit.framework */ = {isa = PBXFileReference; lastKnownFileType = wrapper.framework; name = AppKit.framework; path = Platforms/MacOSX.platform/Developer/SDKs/MacOSX10.9.sdk/System/Library/Frameworks/AppKit.framework; sourceTree = DEVELOPER_DIR; };
		B92BFD8A200371D5003948D7 /* IOKit.framework */ = {isa = PBXFileReference; lastKnownFileType = wrapper.framework; name = IOKit.framework; path = Platforms/MacOSX.platform/Developer/SDKs/MacOSX10.9.sdk/System/Library/Frameworks/IOKit.framework; sourceTree = DEVELOPER_DIR; };
		B92BFD8C20037251003948D7 /* libsqlite3.dylib */ = {isa = PBXFileReference; lastKnownFileType = "compiled.mach-o.dylib"; name = libsqlite3.dylib; path = Platforms/MacOSX.platform/Developer/SDKs/MacOSX10.9.sdk/usr/lib/libsqlite3.dylib; sourceTree = DEVELOPER_DIR; };
		B92BFD8E2003727E003948D7 /* libxml2.dylib */ = {isa = PBXFileReference; lastKnownFileType = "compiled.mach-o.dylib"; name = libxml2.dylib; path = Platforms/MacOSX.platform/Developer/SDKs/MacOSX10.9.sdk/usr/lib/libxml2.dylib; sourceTree = DEVELOPER_DIR; };
		B92BFD9020037296003948D7 /* libcrypto.dylib */ = {isa = PBXFileReference; lastKnownFileType = "compiled.mach-o.dylib"; name = libcrypto.dylib; path = Platforms/MacOSX.platform/Developer/SDKs/MacOSX10.9.sdk/usr/lib/libcrypto.dylib; sourceTree = DEVELOPER_DIR; };
		B92BFD92200372A1003948D7 /* libssl.dylib */ = {isa = PBXFileReference; lastKnownFileType = "compiled.mach-o.dylib"; name = libssl.dylib; path = Platforms/MacOSX.platform/Developer/SDKs/MacOSX10.9.sdk/usr/lib/libssl.dylib; sourceTree = DEVELOPER_DIR; };
		B92BFD96200372C7003948D7 /* libz.1.2.5.dylib */ = {isa = PBXFileReference; lastKnownFileType = "compiled.mach-o.dylib"; name = libz.1.2.5.dylib; path = Platforms/MacOSX.platform/Developer/SDKs/MacOSX10.9.sdk/usr/lib/libz.1.2.5.dylib; sourceTree = DEVELOPER_DIR; };
		B92BFD98200372D5003948D7 /* libcurl.dylib */ = {isa = PBXFileReference; lastKnownFileType = "compiled.mach-o.dylib"; name = libcurl.dylib; path = Platforms/MacOSX.platform/Developer/SDKs/MacOSX10.9.sdk/usr/lib/libcurl.dylib; sourceTree = DEVELOPER_DIR; };
		B92BFD9A200372DE003948D7 /* libz.dylib */ = {isa = PBXFileReference; lastKnownFileType = "compiled.mach-o.dylib"; name = libz.dylib; path = Platforms/MacOSX.platform/Developer/SDKs/MacOSX10.9.sdk/usr/lib/libz.dylib; sourceTree = DEVELOPER_DIR; };
		B92BFD9C200372F3003948D7 /* Quartz.framework */ = {isa = PBXFileReference; lastKnownFileType = wrapper.framework; name = Quartz.framework; path = Platforms/MacOSX.platform/Developer/SDKs/MacOSX10.9.sdk/System/Library/Frameworks/Quartz.framework; sourceTree = DEVELOPER_DIR; };
		B92BFD9E2003730D003948D7 /* libSystem.B.dylib */ = {isa = PBXFileReference; lastKnownFileType = "compiled.mach-o.dylib"; name = libSystem.B.dylib; path = Platforms/MacOSX.platform/Developer/SDKs/MacOSX10.9.sdk/usr/lib/libSystem.B.dylib; sourceTree = DEVELOPER_DIR; };
		B92BFDA020037321003948D7 /* libicucore.dylib */ = {isa = PBXFileReference; lastKnownFileType = "compiled.mach-o.dylib"; name = libicucore.dylib; path = Platforms/MacOSX.platform/Developer/SDKs/MacOSX10.9.sdk/usr/lib/libicucore.dylib; sourceTree = DEVELOPER_DIR; };
		B92BFDA22003733A003948D7 /* libiconv.dylib */ = {isa = PBXFileReference; lastKnownFileType = "compiled.mach-o.dylib"; name = libiconv.dylib; path = Platforms/MacOSX.platform/Developer/SDKs/MacOSX10.9.sdk/usr/lib/libiconv.dylib; sourceTree = DEVELOPER_DIR; };
		B96F34E4200CAD720026FC98 /* IMBiTunesCDBRoot.h */ = {isa = PBXFileReference; fileEncoding = 4; lastKnownFileType = sourcecode.c.h; path = IMBiTunesCDBRoot.h; sourceTree = "<group>"; };
		B96F34E5200CAD720026FC98 /* IMBiTunesCDBRoot.m */ = {isa = PBXFileReference; fileEncoding = 4; lastKnownFileType = sourcecode.c.objc; path = IMBiTunesCDBRoot.m; sourceTree = "<group>"; };
		B96F34E6200CAD720026FC98 /* iTunesCDB */ = {isa = PBXFileReference; lastKnownFileType = file; path = iTunesCDB; sourceTree = "<group>"; };
		B96F34E8200CAD720026FC98 /* IMBSqliteTables.h */ = {isa = PBXFileReference; fileEncoding = 4; lastKnownFileType = sourcecode.c.h; path = IMBSqliteTables.h; sourceTree = "<group>"; };
		B96F34E9200CAD720026FC98 /* IMBSqliteTables.m */ = {isa = PBXFileReference; fileEncoding = 4; lastKnownFileType = sourcecode.c.objc; path = IMBSqliteTables.m; sourceTree = "<group>"; };
		B96F34EA200CAD720026FC98 /* IMBSqliteTables_31.h */ = {isa = PBXFileReference; fileEncoding = 4; lastKnownFileType = sourcecode.c.h; path = IMBSqliteTables_31.h; sourceTree = "<group>"; };
		B96F34EB200CAD720026FC98 /* IMBSqliteTables_31.m */ = {isa = PBXFileReference; fileEncoding = 4; lastKnownFileType = sourcecode.c.objc; path = IMBSqliteTables_31.m; sourceTree = "<group>"; };
		B96F34EC200CAD720026FC98 /* IMBSqliteTables_4.h */ = {isa = PBXFileReference; fileEncoding = 4; lastKnownFileType = sourcecode.c.h; path = IMBSqliteTables_4.h; sourceTree = "<group>"; };
		B96F34ED200CAD720026FC98 /* IMBSqliteTables_4.m */ = {isa = PBXFileReference; fileEncoding = 4; lastKnownFileType = sourcecode.c.objc; path = IMBSqliteTables_4.m; sourceTree = "<group>"; };
		B96F34EE200CAD720026FC98 /* IMBSqliteTables_Above3.h */ = {isa = PBXFileReference; fileEncoding = 4; lastKnownFileType = sourcecode.c.h; path = IMBSqliteTables_Above3.h; sourceTree = "<group>"; };
		B96F34EF200CAD720026FC98 /* IMBSqliteTables_Above3.m */ = {isa = PBXFileReference; fileEncoding = 4; lastKnownFileType = sourcecode.c.objc; path = IMBSqliteTables_Above3.m; sourceTree = "<group>"; };
		B96F34F0200CAD720026FC98 /* IMBSqliteTables_Nano5G.h */ = {isa = PBXFileReference; fileEncoding = 4; lastKnownFileType = sourcecode.c.h; path = IMBSqliteTables_Nano5G.h; sourceTree = "<group>"; };
		B96F34F1200CAD720026FC98 /* IMBSqliteTables_Nano5G.m */ = {isa = PBXFileReference; fileEncoding = 4; lastKnownFileType = sourcecode.c.objc; path = IMBSqliteTables_Nano5G.m; sourceTree = "<group>"; };
		B96F34F2200CAD720026FC98 /* IMBSqliteTables_Nano6G.h */ = {isa = PBXFileReference; fileEncoding = 4; lastKnownFileType = sourcecode.c.h; path = IMBSqliteTables_Nano6G.h; sourceTree = "<group>"; };
		B96F34F3200CAD720026FC98 /* IMBSqliteTables_Nano6G.m */ = {isa = PBXFileReference; fileEncoding = 4; lastKnownFileType = sourcecode.c.objc; path = IMBSqliteTables_Nano6G.m; sourceTree = "<group>"; };
		B96F34F5200CAD720026FC98 /* IMBSqliteTables_5.h */ = {isa = PBXFileReference; fileEncoding = 4; lastKnownFileType = sourcecode.c.h; path = IMBSqliteTables_5.h; sourceTree = "<group>"; };
		B96F34F6200CAD720026FC98 /* IMBSqliteTables_5.m */ = {isa = PBXFileReference; fileEncoding = 4; lastKnownFileType = sourcecode.c.objc; path = IMBSqliteTables_5.m; sourceTree = "<group>"; };
		B96F34F7200CAD720026FC98 /* IMBSyncAppBuilder.h */ = {isa = PBXFileReference; fileEncoding = 4; lastKnownFileType = sourcecode.c.h; path = IMBSyncAppBuilder.h; sourceTree = "<group>"; };
		B96F34F8200CAD720026FC98 /* IMBSyncAppBuilder.m */ = {isa = PBXFileReference; fileEncoding = 4; lastKnownFileType = sourcecode.c.objc; path = IMBSyncAppBuilder.m; sourceTree = "<group>"; };
		B96F34F9200CAD720026FC98 /* IMBSyncPlistBuilder.h */ = {isa = PBXFileReference; fileEncoding = 4; lastKnownFileType = sourcecode.c.h; path = IMBSyncPlistBuilder.h; sourceTree = "<group>"; };
		B96F34FA200CAD720026FC98 /* IMBSyncPlistBuilder.m */ = {isa = PBXFileReference; fileEncoding = 4; lastKnownFileType = sourcecode.c.objc; path = IMBSyncPlistBuilder.m; sourceTree = "<group>"; };
		B96F34FD200CAD720026FC98 /* IMBDatabaseHasher.h */ = {isa = PBXFileReference; fileEncoding = 4; lastKnownFileType = sourcecode.c.h; path = IMBDatabaseHasher.h; sourceTree = "<group>"; };
		B96F34FE200CAD720026FC98 /* IMBDatabaseHasher.mm */ = {isa = PBXFileReference; fileEncoding = 4; lastKnownFileType = sourcecode.cpp.objcpp; path = IMBDatabaseHasher.mm; sourceTree = "<group>"; };
		B96F34FF200CAD720026FC98 /* IMBHash58.cpp */ = {isa = PBXFileReference; fileEncoding = 4; lastKnownFileType = sourcecode.cpp.cpp; path = IMBHash58.cpp; sourceTree = "<group>"; };
		B96F3500200CAD720026FC98 /* IMBHash58.h */ = {isa = PBXFileReference; fileEncoding = 4; lastKnownFileType = sourcecode.c.h; path = IMBHash58.h; sourceTree = "<group>"; };
		B96F3501200CAD720026FC98 /* IMBHash72.cpp */ = {isa = PBXFileReference; fileEncoding = 4; lastKnownFileType = sourcecode.cpp.cpp; path = IMBHash72.cpp; sourceTree = "<group>"; };
		B96F3502200CAD720026FC98 /* IMBHash72.h */ = {isa = PBXFileReference; fileEncoding = 4; lastKnownFileType = sourcecode.c.h; path = IMBHash72.h; sourceTree = "<group>"; };
		B96F3503200CAD720026FC98 /* rijndael.c */ = {isa = PBXFileReference; fileEncoding = 4; lastKnownFileType = sourcecode.c.c; path = rijndael.c; sourceTree = "<group>"; };
		B96F3504200CAD720026FC98 /* rijndael.h */ = {isa = PBXFileReference; fileEncoding = 4; lastKnownFileType = sourcecode.c.h; path = rijndael.h; sourceTree = "<group>"; };
		B96F3505200CAD720026FC98 /* IMBAlbumListContainer.h */ = {isa = PBXFileReference; fileEncoding = 4; lastKnownFileType = sourcecode.c.h; path = IMBAlbumListContainer.h; sourceTree = "<group>"; };
		B96F3506200CAD720026FC98 /* IMBAlbumListContainer.m */ = {isa = PBXFileReference; fileEncoding = 4; lastKnownFileType = sourcecode.c.objc; path = IMBAlbumListContainer.m; sourceTree = "<group>"; };
		B96F3507200CAD720026FC98 /* IMBIDGenerator.h */ = {isa = PBXFileReference; fileEncoding = 4; lastKnownFileType = sourcecode.c.h; path = IMBIDGenerator.h; sourceTree = "<group>"; };
		B96F3508200CAD720026FC98 /* IMBIDGenerator.m */ = {isa = PBXFileReference; fileEncoding = 4; lastKnownFileType = sourcecode.c.objc; path = IMBIDGenerator.m; sourceTree = "<group>"; };
		B96F3509200CAD720026FC98 /* IMBiTunesDBRoot.h */ = {isa = PBXFileReference; fileEncoding = 4; lastKnownFileType = sourcecode.c.h; path = IMBiTunesDBRoot.h; sourceTree = "<group>"; };
		B96F350A200CAD720026FC98 /* IMBiTunesDBRoot.m */ = {isa = PBXFileReference; fileEncoding = 4; lastKnownFileType = sourcecode.c.objc; path = IMBiTunesDBRoot.m; sourceTree = "<group>"; };
		B96F350B200CAD720026FC98 /* IMBListContainerHeader.h */ = {isa = PBXFileReference; fileEncoding = 4; lastKnownFileType = sourcecode.c.h; path = IMBListContainerHeader.h; sourceTree = "<group>"; };
		B96F350C200CAD720026FC98 /* IMBListContainerHeader.m */ = {isa = PBXFileReference; fileEncoding = 4; lastKnownFileType = sourcecode.c.objc; path = IMBListContainerHeader.m; sourceTree = "<group>"; };
		B96F350D200CAD720026FC98 /* IMBPlaylist.h */ = {isa = PBXFileReference; fileEncoding = 4; lastKnownFileType = sourcecode.c.h; path = IMBPlaylist.h; sourceTree = "<group>"; };
		B96F350E200CAD720026FC98 /* IMBPlaylist.m */ = {isa = PBXFileReference; fileEncoding = 4; lastKnownFileType = sourcecode.c.objc; path = IMBPlaylist.m; sourceTree = "<group>"; };
		B96F350F200CAD720026FC98 /* IMBPlaylistItem.h */ = {isa = PBXFileReference; fileEncoding = 4; lastKnownFileType = sourcecode.c.h; path = IMBPlaylistItem.h; sourceTree = "<group>"; };
		B96F3510200CAD720026FC98 /* IMBPlaylistItem.m */ = {isa = PBXFileReference; fileEncoding = 4; lastKnownFileType = sourcecode.c.objc; path = IMBPlaylistItem.m; sourceTree = "<group>"; };
		B96F3511200CAD720026FC98 /* IMBPlaylistList.h */ = {isa = PBXFileReference; fileEncoding = 4; lastKnownFileType = sourcecode.c.h; path = IMBPlaylistList.h; sourceTree = "<group>"; };
		B96F3512200CAD720026FC98 /* IMBPlaylistList.m */ = {isa = PBXFileReference; fileEncoding = 4; lastKnownFileType = sourcecode.c.objc; path = IMBPlaylistList.m; sourceTree = "<group>"; };
		B96F3513200CAD720026FC98 /* IMBPlaylistListContainer.h */ = {isa = PBXFileReference; fileEncoding = 4; lastKnownFileType = sourcecode.c.h; path = IMBPlaylistListContainer.h; sourceTree = "<group>"; };
		B96F3514200CAD720026FC98 /* IMBPlaylistListContainer.m */ = {isa = PBXFileReference; fileEncoding = 4; lastKnownFileType = sourcecode.c.objc; path = IMBPlaylistListContainer.m; sourceTree = "<group>"; };
		B96F3515200CAD720026FC98 /* IMBPlaylistListV2Container.h */ = {isa = PBXFileReference; fileEncoding = 4; lastKnownFileType = sourcecode.c.h; path = IMBPlaylistListV2Container.h; sourceTree = "<group>"; };
		B96F3516200CAD720026FC98 /* IMBPlaylistListV2Container.m */ = {isa = PBXFileReference; fileEncoding = 4; lastKnownFileType = sourcecode.c.objc; path = IMBPlaylistListV2Container.m; sourceTree = "<group>"; };
		B96F3517200CAD720026FC98 /* IMBPodcastListAdapter.h */ = {isa = PBXFileReference; fileEncoding = 4; lastKnownFileType = sourcecode.c.h; path = IMBPodcastListAdapter.h; sourceTree = "<group>"; };
		B96F3518200CAD720026FC98 /* IMBPodcastListAdapter.m */ = {isa = PBXFileReference; fileEncoding = 4; lastKnownFileType = sourcecode.c.objc; path = IMBPodcastListAdapter.m; sourceTree = "<group>"; };
		B96F3519200CAD720026FC98 /* IMBTrack.h */ = {isa = PBXFileReference; fileEncoding = 4; lastKnownFileType = sourcecode.c.h; path = IMBTrack.h; sourceTree = "<group>"; };
		B96F351A200CAD720026FC98 /* IMBTrack.m */ = {isa = PBXFileReference; fileEncoding = 4; lastKnownFileType = sourcecode.c.objc; path = IMBTrack.m; sourceTree = "<group>"; };
		B96F351B200CAD720026FC98 /* IMBTracklist.h */ = {isa = PBXFileReference; fileEncoding = 4; lastKnownFileType = sourcecode.c.h; path = IMBTracklist.h; sourceTree = "<group>"; };
		B96F351C200CAD720026FC98 /* IMBTracklist.m */ = {isa = PBXFileReference; fileEncoding = 4; lastKnownFileType = sourcecode.c.objc; path = IMBTracklist.m; sourceTree = "<group>"; };
		B96F351D200CAD720026FC98 /* IMBTrackListContainer.h */ = {isa = PBXFileReference; fileEncoding = 4; lastKnownFileType = sourcecode.c.h; path = IMBTrackListContainer.h; sourceTree = "<group>"; };
		B96F351E200CAD720026FC98 /* IMBTrackListContainer.m */ = {isa = PBXFileReference; fileEncoding = 4; lastKnownFileType = sourcecode.c.objc; path = IMBTrackListContainer.m; sourceTree = "<group>"; };
		B96F351F200CAD720026FC98 /* IMBType5Container.h */ = {isa = PBXFileReference; fileEncoding = 4; lastKnownFileType = sourcecode.c.h; path = IMBType5Container.h; sourceTree = "<group>"; };
		B96F3520200CAD720026FC98 /* IMBType5Container.m */ = {isa = PBXFileReference; fileEncoding = 4; lastKnownFileType = sourcecode.c.objc; path = IMBType5Container.m; sourceTree = "<group>"; };
		B96F3521200CAD720026FC98 /* IMBType6Container.h */ = {isa = PBXFileReference; fileEncoding = 4; lastKnownFileType = sourcecode.c.h; path = IMBType6Container.h; sourceTree = "<group>"; };
		B96F3522200CAD720026FC98 /* IMBType6Container.m */ = {isa = PBXFileReference; fileEncoding = 4; lastKnownFileType = sourcecode.c.objc; path = IMBType6Container.m; sourceTree = "<group>"; };
		B96F3523200CAD720026FC98 /* IMBUnknownListContainer.h */ = {isa = PBXFileReference; fileEncoding = 4; lastKnownFileType = sourcecode.c.h; path = IMBUnknownListContainer.h; sourceTree = "<group>"; };
		B96F3524200CAD720026FC98 /* IMBUnknownListContainer.m */ = {isa = PBXFileReference; fileEncoding = 4; lastKnownFileType = sourcecode.c.objc; path = IMBUnknownListContainer.m; sourceTree = "<group>"; };
		B96F3526200CAD720026FC98 /* IMBArtworkStringMHOD.h */ = {isa = PBXFileReference; fileEncoding = 4; lastKnownFileType = sourcecode.c.h; path = IMBArtworkStringMHOD.h; sourceTree = "<group>"; };
		B96F3527200CAD720026FC98 /* IMBArtworkStringMHOD.m */ = {isa = PBXFileReference; fileEncoding = 4; lastKnownFileType = sourcecode.c.objc; path = IMBArtworkStringMHOD.m; sourceTree = "<group>"; };
		B96F3528200CAD720026FC98 /* IMBBaseMHODElement.h */ = {isa = PBXFileReference; fileEncoding = 4; lastKnownFileType = sourcecode.c.h; path = IMBBaseMHODElement.h; sourceTree = "<group>"; };
		B96F3529200CAD720026FC98 /* IMBBaseMHODElement.m */ = {isa = PBXFileReference; fileEncoding = 4; lastKnownFileType = sourcecode.c.objc; path = IMBBaseMHODElement.m; sourceTree = "<group>"; };
		B96F352A200CAD720026FC98 /* IMBMenuIndexMHOD.h */ = {isa = PBXFileReference; fileEncoding = 4; lastKnownFileType = sourcecode.c.h; path = IMBMenuIndexMHOD.h; sourceTree = "<group>"; };
		B96F352B200CAD720026FC98 /* IMBMenuIndexMHOD.m */ = {isa = PBXFileReference; fileEncoding = 4; lastKnownFileType = sourcecode.c.objc; path = IMBMenuIndexMHOD.m; sourceTree = "<group>"; };
		B96F352C200CAD720026FC98 /* IMBMHODFactory.h */ = {isa = PBXFileReference; fileEncoding = 4; lastKnownFileType = sourcecode.c.h; path = IMBMHODFactory.h; sourceTree = "<group>"; };
		B96F352D200CAD720026FC98 /* IMBMHODFactory.m */ = {isa = PBXFileReference; fileEncoding = 4; lastKnownFileType = sourcecode.c.objc; path = IMBMHODFactory.m; sourceTree = "<group>"; };
		B96F352E200CAD720026FC98 /* IMBPlaylistPositionMHOD.h */ = {isa = PBXFileReference; fileEncoding = 4; lastKnownFileType = sourcecode.c.h; path = IMBPlaylistPositionMHOD.h; sourceTree = "<group>"; };
		B96F352F200CAD720026FC98 /* IMBPlaylistPositionMHOD.m */ = {isa = PBXFileReference; fileEncoding = 4; lastKnownFileType = sourcecode.c.objc; path = IMBPlaylistPositionMHOD.m; sourceTree = "<group>"; };
		B96F3530200CAD720026FC98 /* IMBStringMHOD.h */ = {isa = PBXFileReference; fileEncoding = 4; lastKnownFileType = sourcecode.c.h; path = IMBStringMHOD.h; sourceTree = "<group>"; };
		B96F3531200CAD720026FC98 /* IMBStringMHOD.m */ = {isa = PBXFileReference; fileEncoding = 4; lastKnownFileType = sourcecode.c.objc; path = IMBStringMHOD.m; sourceTree = "<group>"; };
		B96F3532200CAD720026FC98 /* IMBUnicodeMHOD.h */ = {isa = PBXFileReference; fileEncoding = 4; lastKnownFileType = sourcecode.c.h; path = IMBUnicodeMHOD.h; sourceTree = "<group>"; };
		B96F3533200CAD720026FC98 /* IMBUnicodeMHOD.m */ = {isa = PBXFileReference; fileEncoding = 4; lastKnownFileType = sourcecode.c.objc; path = IMBUnicodeMHOD.m; sourceTree = "<group>"; };
		B96F3534200CAD720026FC98 /* IMBUnknownMHOD.h */ = {isa = PBXFileReference; fileEncoding = 4; lastKnownFileType = sourcecode.c.h; path = IMBUnknownMHOD.h; sourceTree = "<group>"; };
		B96F3535200CAD720026FC98 /* IMBUnknownMHOD.m */ = {isa = PBXFileReference; fileEncoding = 4; lastKnownFileType = sourcecode.c.objc; path = IMBUnknownMHOD.m; sourceTree = "<group>"; };
		B96F355D200CADA50026FC98 /* IMBBaseDatabase.h */ = {isa = PBXFileReference; fileEncoding = 4; lastKnownFileType = sourcecode.c.h; path = IMBBaseDatabase.h; sourceTree = "<group>"; };
		B96F355E200CADA50026FC98 /* IMBBaseDatabase.m */ = {isa = PBXFileReference; fileEncoding = 4; lastKnownFileType = sourcecode.c.objc; path = IMBBaseDatabase.m; sourceTree = "<group>"; };
		B96F355F200CADA50026FC98 /* IMBBaseDatabaseElement.h */ = {isa = PBXFileReference; fileEncoding = 4; lastKnownFileType = sourcecode.c.h; path = IMBBaseDatabaseElement.h; sourceTree = "<group>"; };
		B96F3560200CADA50026FC98 /* IMBBaseDatabaseElement.m */ = {isa = PBXFileReference; fileEncoding = 4; lastKnownFileType = sourcecode.c.objc; path = IMBBaseDatabaseElement.m; sourceTree = "<group>"; };
		B96F3563200CADCA0026FC98 /* IMBiPod.h */ = {isa = PBXFileReference; fileEncoding = 4; lastKnownFileType = sourcecode.c.h; path = IMBiPod.h; sourceTree = "<group>"; };
		B96F3564200CADCA0026FC98 /* IMBiPod.m */ = {isa = PBXFileReference; fileEncoding = 4; lastKnownFileType = sourcecode.c.objc; path = IMBiPod.m; sourceTree = "<group>"; };
		B96F3566200CADDF0026FC98 /* MobileDeviceAccess.h */ = {isa = PBXFileReference; fileEncoding = 4; lastKnownFileType = sourcecode.c.h; path = MobileDeviceAccess.h; sourceTree = "<group>"; };
		B96F3567200CADDF0026FC98 /* MobileDeviceAccess.m */ = {isa = PBXFileReference; fileEncoding = 4; lastKnownFileType = sourcecode.c.objc; path = MobileDeviceAccess.m; sourceTree = "<group>"; };
		B96F3569200CAE0A0026FC98 /* IMBBaseEntity.h */ = {isa = PBXFileReference; fileEncoding = 4; lastKnownFileType = sourcecode.c.h; path = IMBBaseEntity.h; sourceTree = "<group>"; };
		B96F356A200CAE0A0026FC98 /* IMBBaseEntity.m */ = {isa = PBXFileReference; fileEncoding = 4; lastKnownFileType = sourcecode.c.objc; path = IMBBaseEntity.m; sourceTree = "<group>"; };
		B96F356C200CAE2C0026FC98 /* IMBCommonEnum.h */ = {isa = PBXFileReference; fileEncoding = 4; lastKnownFileType = sourcecode.c.h; path = IMBCommonEnum.h; sourceTree = "<group>"; };
		B96F356D200CAE2C0026FC98 /* IMBCommonEnum.m */ = {isa = PBXFileReference; fileEncoding = 4; lastKnownFileType = sourcecode.c.objc; path = IMBCommonEnum.m; sourceTree = "<group>"; };
		B96F356F200CAE4D0026FC98 /* DateHelper.h */ = {isa = PBXFileReference; fileEncoding = 4; lastKnownFileType = sourcecode.c.h; path = DateHelper.h; sourceTree = "<group>"; };
		B96F3570200CAE4D0026FC98 /* DateHelper.m */ = {isa = PBXFileReference; fileEncoding = 4; lastKnownFileType = sourcecode.c.objc; path = DateHelper.m; sourceTree = "<group>"; };
		B96F3572200CAE690026FC98 /* MediaHelper.h */ = {isa = PBXFileReference; fileEncoding = 4; lastKnownFileType = sourcecode.c.h; path = MediaHelper.h; sourceTree = "<group>"; };
		B96F3573200CAE690026FC98 /* MediaHelper.m */ = {isa = PBXFileReference; fileEncoding = 4; lastKnownFileType = sourcecode.c.objc; path = MediaHelper.m; sourceTree = "<group>"; };
		B96F3574200CAE690026FC98 /* StringHelper.h */ = {isa = PBXFileReference; fileEncoding = 4; lastKnownFileType = sourcecode.c.h; path = StringHelper.h; sourceTree = "<group>"; };
		B96F3575200CAE690026FC98 /* StringHelper.m */ = {isa = PBXFileReference; fileEncoding = 4; lastKnownFileType = sourcecode.c.objc; path = StringHelper.m; sourceTree = "<group>"; };
		B96F3578200CAE9D0026FC98 /* IMBArtworkDB.h */ = {isa = PBXFileReference; fileEncoding = 4; lastKnownFileType = sourcecode.c.h; path = IMBArtworkDB.h; sourceTree = "<group>"; };
		B96F3579200CAE9D0026FC98 /* IMBArtworkDB.m */ = {isa = PBXFileReference; fileEncoding = 4; lastKnownFileType = sourcecode.c.objc; path = IMBArtworkDB.m; sourceTree = "<group>"; };
		B96F357A200CAE9D0026FC98 /* IMBArtworkDBRoot.h */ = {isa = PBXFileReference; fileEncoding = 4; lastKnownFileType = sourcecode.c.h; path = IMBArtworkDBRoot.h; sourceTree = "<group>"; };
		B96F357B200CAE9D0026FC98 /* IMBArtworkDBRoot.m */ = {isa = PBXFileReference; fileEncoding = 4; lastKnownFileType = sourcecode.c.objc; path = IMBArtworkDBRoot.m; sourceTree = "<group>"; };
		B96F357C200CAE9D0026FC98 /* IMBArtworkEntity.h */ = {isa = PBXFileReference; fileEncoding = 4; lastKnownFileType = sourcecode.c.h; path = IMBArtworkEntity.h; sourceTree = "<group>"; };
		B96F357D200CAE9D0026FC98 /* IMBArtworkEntity.m */ = {isa = PBXFileReference; fileEncoding = 4; lastKnownFileType = sourcecode.c.objc; path = IMBArtworkEntity.m; sourceTree = "<group>"; };
		B96F357E200CAE9D0026FC98 /* IMBArtworkHelper.h */ = {isa = PBXFileReference; fileEncoding = 4; lastKnownFileType = sourcecode.c.h; path = IMBArtworkHelper.h; sourceTree = "<group>"; };
		B96F357F200CAE9D0026FC98 /* IMBArtworkHelper.m */ = {isa = PBXFileReference; fileEncoding = 4; lastKnownFileType = sourcecode.c.objc; path = IMBArtworkHelper.m; sourceTree = "<group>"; };
		B96F3584200CB1A30026FC98 /* TempHelper.h */ = {isa = PBXFileReference; fileEncoding = 4; lastKnownFileType = sourcecode.c.h; path = TempHelper.h; sourceTree = "<group>"; };
		B96F3585200CB1A30026FC98 /* TempHelper.m */ = {isa = PBXFileReference; fileEncoding = 4; lastKnownFileType = sourcecode.c.objc; path = TempHelper.m; sourceTree = "<group>"; };
		B96F3587200CB1C60026FC98 /* IMBSession.h */ = {isa = PBXFileReference; fileEncoding = 4; lastKnownFileType = sourcecode.c.h; path = IMBSession.h; sourceTree = "<group>"; };
		B96F3588200CB1C60026FC98 /* IMBSession.m */ = {isa = PBXFileReference; fileEncoding = 4; lastKnownFileType = sourcecode.c.objc; path = IMBSession.m; sourceTree = "<group>"; };
		B96F358A200CB1E80026FC98 /* IMBNewTrack.h */ = {isa = PBXFileReference; fileEncoding = 4; lastKnownFileType = sourcecode.c.h; path = IMBNewTrack.h; sourceTree = "<group>"; };
		B96F358B200CB1E80026FC98 /* IMBNewTrack.m */ = {isa = PBXFileReference; fileEncoding = 4; lastKnownFileType = sourcecode.c.objc; path = IMBNewTrack.m; sourceTree = "<group>"; };
		B9BDB4C3200618ED00514704 /* NSString+ZLExtension.h */ = {isa = PBXFileReference; fileEncoding = 4; lastKnownFileType = sourcecode.c.h; path = "NSString+ZLExtension.h"; sourceTree = "<group>"; };
		B9BDB4C4200618ED00514704 /* NSString+ZLExtension.m */ = {isa = PBXFileReference; fileEncoding = 4; lastKnownFileType = sourcecode.c.objc; path = "NSString+ZLExtension.m"; sourceTree = "<group>"; };
		B9BDB4C620061A0200514704 /* ZLFileTool.h */ = {isa = PBXFileReference; fileEncoding = 4; lastKnownFileType = sourcecode.c.h; path = ZLFileTool.h; sourceTree = "<group>"; };
		B9BDB4C720061A0200514704 /* ZLFileTool.m */ = {isa = PBXFileReference; fileEncoding = 4; lastKnownFileType = sourcecode.c.objc; path = ZLFileTool.m; sourceTree = "<group>"; };
		B9E1272C20045101008F6854 /* NSString+Category.h */ = {isa = PBXFileReference; fileEncoding = 4; lastKnownFileType = sourcecode.c.h; path = "NSString+Category.h"; sourceTree = "<group>"; };
		B9E1272D20045101008F6854 /* NSString+Category.m */ = {isa = PBXFileReference; fileEncoding = 4; lastKnownFileType = sourcecode.c.objc; path = "NSString+Category.m"; sourceTree = "<group>"; };
		B9E1272F2004512C008F6854 /* NSData+Category.h */ = {isa = PBXFileReference; fileEncoding = 4; lastKnownFileType = sourcecode.c.h; path = "NSData+Category.h"; sourceTree = "<group>"; };
		B9E127302004512C008F6854 /* NSData+Category.m */ = {isa = PBXFileReference; fileEncoding = 4; lastKnownFileType = sourcecode.c.objc; path = "NSData+Category.m"; sourceTree = "<group>"; };
		B9E1273220045148008F6854 /* NSDictionary+Category.h */ = {isa = PBXFileReference; fileEncoding = 4; lastKnownFileType = sourcecode.c.h; path = "NSDictionary+Category.h"; sourceTree = "<group>"; };
		B9E1273320045148008F6854 /* NSDictionary+Category.m */ = {isa = PBXFileReference; fileEncoding = 4; lastKnownFileType = sourcecode.c.objc; path = "NSDictionary+Category.m"; sourceTree = "<group>"; };
		B9E1273520045167008F6854 /* IMBNotificationDefine.h */ = {isa = PBXFileReference; lastKnownFileType = sourcecode.c.h; path = IMBNotificationDefine.h; sourceTree = "<group>"; };
		FACE9E0F200B65D2002AB92A /* CusArchiever.h */ = {isa = PBXFileReference; fileEncoding = 4; lastKnownFileType = sourcecode.c.h; path = CusArchiever.h; sourceTree = "<group>"; };
		FACE9E10200B65D2002AB92A /* CusArchiever.m */ = {isa = PBXFileReference; fileEncoding = 4; lastKnownFileType = sourcecode.c.objc; path = CusArchiever.m; sourceTree = "<group>"; };
/* End PBXFileReference section */

/* Begin PBXFrameworksBuildPhase section */
		B92BFD3920034D74003948D7 /* Frameworks */ = {
			isa = PBXFrameworksBuildPhase;
			buildActionMask = 2147483647;
			files = (
				B92BFDA32003733A003948D7 /* libiconv.dylib in Frameworks */,
				B92BFDA120037321003948D7 /* libicucore.dylib in Frameworks */,
				B92BFD9F2003730D003948D7 /* libSystem.B.dylib in Frameworks */,
				B92BFD9D200372F3003948D7 /* Quartz.framework in Frameworks */,
				B92BFD9B200372DE003948D7 /* libz.dylib in Frameworks */,
				B92BFD99200372D5003948D7 /* libcurl.dylib in Frameworks */,
				B92BFD97200372C7003948D7 /* libz.1.2.5.dylib in Frameworks */,
				B92BFD93200372A1003948D7 /* libssl.dylib in Frameworks */,
				B92BFD9120037296003948D7 /* libcrypto.dylib in Frameworks */,
				B92BFD8F2003727E003948D7 /* libxml2.dylib in Frameworks */,
				B92BFD8D20037251003948D7 /* libsqlite3.dylib in Frameworks */,
				B92BFD8B200371D5003948D7 /* IOKit.framework in Frameworks */,
				B92BFD8520037165003948D7 /* AppKit.framework in Frameworks */,
				B92BFD8320037153003948D7 /* CoreData.framework in Frameworks */,
				B92BFD8120037143003948D7 /* Foundation.framework in Frameworks */,
				B92BFD7F20037111003948D7 /* CoreMedia.framework in Frameworks */,
				B92BFD7D200370EC003948D7 /* MobileDevice.framework in Frameworks */,
				B92BFD7A2003704F003948D7 /* QuartzCore.framework in Frameworks */,
			);
			runOnlyForDeploymentPostprocessing = 0;
		};
		B92BFD4F20034D74003948D7 /* Frameworks */ = {
			isa = PBXFrameworksBuildPhase;
			buildActionMask = 2147483647;
			files = (
			);
			runOnlyForDeploymentPostprocessing = 0;
		};
		B92BFD5A20034D75003948D7 /* Frameworks */ = {
			isa = PBXFrameworksBuildPhase;
			buildActionMask = 2147483647;
			files = (
			);
			runOnlyForDeploymentPostprocessing = 0;
		};
/* End PBXFrameworksBuildPhase section */

/* Begin PBXGroup section */
		B92BFD3320034D74003948D7 = {
			isa = PBXGroup;
			children = (
				B92BFD3E20034D74003948D7 /* TestNew */,
				B92BFD7B2003709E003948D7 /* FrameWork */,
				B92BFD5520034D74003948D7 /* TestNewTests */,
				B92BFD6020034D75003948D7 /* TestNewUITests */,
				B92BFD3D20034D74003948D7 /* Products */,
			);
			sourceTree = "<group>";
		};
		B92BFD3D20034D74003948D7 /* Products */ = {
			isa = PBXGroup;
			children = (
				B92BFD3C20034D74003948D7 /* TestNew.app */,
				B92BFD5220034D74003948D7 /* TestNewTests.xctest */,
				B92BFD5D20034D75003948D7 /* TestNewUITests.xctest */,
			);
			name = Products;
			sourceTree = "<group>";
		};
		B92BFD3E20034D74003948D7 /* TestNew */ = {
			isa = PBXGroup;
			children = (
				B96F34E2200CAD720026FC98 /* Lib */,
				B9E1273C20049DB2008F6854 /* CustomDC */,
				B9E127202004506C008F6854 /* DeviceConnection */,
				B92BFD3F20034D74003948D7 /* AppDelegate.h */,
				B92BFD4020034D74003948D7 /* AppDelegate.m */,
				B92BFD4520034D74003948D7 /* ViewController.h */,
				B92BFD4620034D74003948D7 /* ViewController.m */,
				B92BFD4820034D74003948D7 /* Assets.xcassets */,
				B92BFD4A20034D74003948D7 /* Main.storyboard */,
				B92BFD4D20034D74003948D7 /* Info.plist */,
				B92BFD4220034D74003948D7 /* Supporting Files */,
			);
			path = TestNew;
			sourceTree = "<group>";
		};
		B92BFD4220034D74003948D7 /* Supporting Files */ = {
			isa = PBXGroup;
			children = (
				B92BFD4320034D74003948D7 /* main.m */,
			);
			name = "Supporting Files";
			sourceTree = "<group>";
		};
		B92BFD5520034D74003948D7 /* TestNewTests */ = {
			isa = PBXGroup;
			children = (
				B92BFD5620034D74003948D7 /* TestNewTests.m */,
				B92BFD5820034D74003948D7 /* Info.plist */,
			);
			path = TestNewTests;
			sourceTree = "<group>";
		};
		B92BFD6020034D75003948D7 /* TestNewUITests */ = {
			isa = PBXGroup;
			children = (
				B92BFD6120034D75003948D7 /* TestNewUITests.m */,
				B92BFD6320034D75003948D7 /* Info.plist */,
			);
			path = TestNewUITests;
			sourceTree = "<group>";
		};
		B92BFD7B2003709E003948D7 /* FrameWork */ = {
			isa = PBXGroup;
			children = (
				B92BFDA22003733A003948D7 /* libiconv.dylib */,
				B92BFDA020037321003948D7 /* libicucore.dylib */,
				B92BFD9E2003730D003948D7 /* libSystem.B.dylib */,
				B92BFD9A200372DE003948D7 /* libz.dylib */,
				B92BFD98200372D5003948D7 /* libcurl.dylib */,
				B92BFD96200372C7003948D7 /* libz.1.2.5.dylib */,
				B92BFD92200372A1003948D7 /* libssl.dylib */,
				B92BFD9020037296003948D7 /* libcrypto.dylib */,
				B92BFD8E2003727E003948D7 /* libxml2.dylib */,
				B92BFD8C20037251003948D7 /* libsqlite3.dylib */,
				B92BFD9C200372F3003948D7 /* Quartz.framework */,
				B92BFD8A200371D5003948D7 /* IOKit.framework */,
				B92BFD8420037165003948D7 /* AppKit.framework */,
				B92BFD8220037153003948D7 /* CoreData.framework */,
				B92BFD8020037143003948D7 /* Foundation.framework */,
				B92BFD7E20037111003948D7 /* CoreMedia.framework */,
				B92BFD7C200370EC003948D7 /* MobileDevice.framework */,
				B92BFD792003704F003948D7 /* QuartzCore.framework */,
			);
			name = FrameWork;
			sourceTree = "<group>";
		};
		B96F34E2200CAD720026FC98 /* Lib */ = {
			isa = PBXGroup;
			children = (
				B96F34E3200CAD720026FC98 /* iTunesCDB */,
				B96F34FB200CAD720026FC98 /* iTunesDB */,
			);
			path = Lib;
			sourceTree = "<group>";
		};
		B96F34E3200CAD720026FC98 /* iTunesCDB */ = {
			isa = PBXGroup;
			children = (
				B96F358A200CB1E80026FC98 /* IMBNewTrack.h */,
				B96F358B200CB1E80026FC98 /* IMBNewTrack.m */,
				B96F3569200CAE0A0026FC98 /* IMBBaseEntity.h */,
				B96F356A200CAE0A0026FC98 /* IMBBaseEntity.m */,
				B96F3587200CB1C60026FC98 /* IMBSession.h */,
				B96F3588200CB1C60026FC98 /* IMBSession.m */,
				B96F356F200CAE4D0026FC98 /* DateHelper.h */,
				B96F3570200CAE4D0026FC98 /* DateHelper.m */,
				B96F3584200CB1A30026FC98 /* TempHelper.h */,
				B96F3585200CB1A30026FC98 /* TempHelper.m */,
				B96F3578200CAE9D0026FC98 /* IMBArtworkDB.h */,
				B96F3579200CAE9D0026FC98 /* IMBArtworkDB.m */,
				B96F357A200CAE9D0026FC98 /* IMBArtworkDBRoot.h */,
				B96F357B200CAE9D0026FC98 /* IMBArtworkDBRoot.m */,
				B96F357C200CAE9D0026FC98 /* IMBArtworkEntity.h */,
				B96F357D200CAE9D0026FC98 /* IMBArtworkEntity.m */,
				B96F357E200CAE9D0026FC98 /* IMBArtworkHelper.h */,
				B96F357F200CAE9D0026FC98 /* IMBArtworkHelper.m */,
				B96F3572200CAE690026FC98 /* MediaHelper.h */,
				B96F3573200CAE690026FC98 /* MediaHelper.m */,
				B96F3574200CAE690026FC98 /* StringHelper.h */,
				B96F3575200CAE690026FC98 /* StringHelper.m */,
				B96F356C200CAE2C0026FC98 /* IMBCommonEnum.h */,
				B96F356D200CAE2C0026FC98 /* IMBCommonEnum.m */,
				B96F3563200CADCA0026FC98 /* IMBiPod.h */,
				B96F3564200CADCA0026FC98 /* IMBiPod.m */,
				B96F355D200CADA50026FC98 /* IMBBaseDatabase.h */,
				B96F355E200CADA50026FC98 /* IMBBaseDatabase.m */,
				B96F355F200CADA50026FC98 /* IMBBaseDatabaseElement.h */,
				B96F3560200CADA50026FC98 /* IMBBaseDatabaseElement.m */,
				B96F34E4200CAD720026FC98 /* IMBiTunesCDBRoot.h */,
				B96F34E5200CAD720026FC98 /* IMBiTunesCDBRoot.m */,
				B96F34E6200CAD720026FC98 /* iTunesCDB */,
				B96F34E7200CAD720026FC98 /* Sqlite */,
			);
			path = iTunesCDB;
			sourceTree = "<group>";
		};
		B96F34E7200CAD720026FC98 /* Sqlite */ = {
			isa = PBXGroup;
			children = (
				B96F34E8200CAD720026FC98 /* IMBSqliteTables.h */,
				B96F34E9200CAD720026FC98 /* IMBSqliteTables.m */,
				B96F34EA200CAD720026FC98 /* IMBSqliteTables_31.h */,
				B96F34EB200CAD720026FC98 /* IMBSqliteTables_31.m */,
				B96F34EC200CAD720026FC98 /* IMBSqliteTables_4.h */,
				B96F34ED200CAD720026FC98 /* IMBSqliteTables_4.m */,
				B96F34EE200CAD720026FC98 /* IMBSqliteTables_Above3.h */,
				B96F34EF200CAD720026FC98 /* IMBSqliteTables_Above3.m */,
				B96F34F0200CAD720026FC98 /* IMBSqliteTables_Nano5G.h */,
				B96F34F1200CAD720026FC98 /* IMBSqliteTables_Nano5G.m */,
				B96F34F2200CAD720026FC98 /* IMBSqliteTables_Nano6G.h */,
				B96F34F3200CAD720026FC98 /* IMBSqliteTables_Nano6G.m */,
				B96F34F4200CAD720026FC98 /* Sync */,
			);
			path = Sqlite;
			sourceTree = "<group>";
		};
		B96F34F4200CAD720026FC98 /* Sync */ = {
			isa = PBXGroup;
			children = (
				B96F34F5200CAD720026FC98 /* IMBSqliteTables_5.h */,
				B96F34F6200CAD720026FC98 /* IMBSqliteTables_5.m */,
				B96F34F7200CAD720026FC98 /* IMBSyncAppBuilder.h */,
				B96F34F8200CAD720026FC98 /* IMBSyncAppBuilder.m */,
				B96F34F9200CAD720026FC98 /* IMBSyncPlistBuilder.h */,
				B96F34FA200CAD720026FC98 /* IMBSyncPlistBuilder.m */,
			);
			path = Sync;
			sourceTree = "<group>";
		};
		B96F34FB200CAD720026FC98 /* iTunesDB */ = {
			isa = PBXGroup;
			children = (
				B96F34FC200CAD720026FC98 /* DatabaseHash */,
				B96F3505200CAD720026FC98 /* IMBAlbumListContainer.h */,
				B96F3506200CAD720026FC98 /* IMBAlbumListContainer.m */,
				B96F3507200CAD720026FC98 /* IMBIDGenerator.h */,
				B96F3508200CAD720026FC98 /* IMBIDGenerator.m */,
				B96F3509200CAD720026FC98 /* IMBiTunesDBRoot.h */,
				B96F350A200CAD720026FC98 /* IMBiTunesDBRoot.m */,
				B96F350B200CAD720026FC98 /* IMBListContainerHeader.h */,
				B96F350C200CAD720026FC98 /* IMBListContainerHeader.m */,
				B96F350D200CAD720026FC98 /* IMBPlaylist.h */,
				B96F350E200CAD720026FC98 /* IMBPlaylist.m */,
				B96F350F200CAD720026FC98 /* IMBPlaylistItem.h */,
				B96F3510200CAD720026FC98 /* IMBPlaylistItem.m */,
				B96F3511200CAD720026FC98 /* IMBPlaylistList.h */,
				B96F3512200CAD720026FC98 /* IMBPlaylistList.m */,
				B96F3513200CAD720026FC98 /* IMBPlaylistListContainer.h */,
				B96F3514200CAD720026FC98 /* IMBPlaylistListContainer.m */,
				B96F3515200CAD720026FC98 /* IMBPlaylistListV2Container.h */,
				B96F3516200CAD720026FC98 /* IMBPlaylistListV2Container.m */,
				B96F3517200CAD720026FC98 /* IMBPodcastListAdapter.h */,
				B96F3518200CAD720026FC98 /* IMBPodcastListAdapter.m */,
				B96F3519200CAD720026FC98 /* IMBTrack.h */,
				B96F351A200CAD720026FC98 /* IMBTrack.m */,
				B96F351B200CAD720026FC98 /* IMBTracklist.h */,
				B96F351C200CAD720026FC98 /* IMBTracklist.m */,
				B96F351D200CAD720026FC98 /* IMBTrackListContainer.h */,
				B96F351E200CAD720026FC98 /* IMBTrackListContainer.m */,
				B96F351F200CAD720026FC98 /* IMBType5Container.h */,
				B96F3520200CAD720026FC98 /* IMBType5Container.m */,
				B96F3521200CAD720026FC98 /* IMBType6Container.h */,
				B96F3522200CAD720026FC98 /* IMBType6Container.m */,
				B96F3523200CAD720026FC98 /* IMBUnknownListContainer.h */,
				B96F3524200CAD720026FC98 /* IMBUnknownListContainer.m */,
				B96F3525200CAD720026FC98 /* MHOD */,
			);
			path = iTunesDB;
			sourceTree = "<group>";
		};
		B96F34FC200CAD720026FC98 /* DatabaseHash */ = {
			isa = PBXGroup;
			children = (
				B96F34FD200CAD720026FC98 /* IMBDatabaseHasher.h */,
				B96F34FE200CAD720026FC98 /* IMBDatabaseHasher.mm */,
				B96F34FF200CAD720026FC98 /* IMBHash58.cpp */,
				B96F3500200CAD720026FC98 /* IMBHash58.h */,
				B96F3501200CAD720026FC98 /* IMBHash72.cpp */,
				B96F3502200CAD720026FC98 /* IMBHash72.h */,
				B96F3503200CAD720026FC98 /* rijndael.c */,
				B96F3504200CAD720026FC98 /* rijndael.h */,
			);
			path = DatabaseHash;
			sourceTree = "<group>";
		};
		B96F3525200CAD720026FC98 /* MHOD */ = {
			isa = PBXGroup;
			children = (
				B96F3526200CAD720026FC98 /* IMBArtworkStringMHOD.h */,
				B96F3527200CAD720026FC98 /* IMBArtworkStringMHOD.m */,
				B96F3528200CAD720026FC98 /* IMBBaseMHODElement.h */,
				B96F3529200CAD720026FC98 /* IMBBaseMHODElement.m */,
				B96F352A200CAD720026FC98 /* IMBMenuIndexMHOD.h */,
				B96F352B200CAD720026FC98 /* IMBMenuIndexMHOD.m */,
				B96F352C200CAD720026FC98 /* IMBMHODFactory.h */,
				B96F352D200CAD720026FC98 /* IMBMHODFactory.m */,
				B96F352E200CAD720026FC98 /* IMBPlaylistPositionMHOD.h */,
				B96F352F200CAD720026FC98 /* IMBPlaylistPositionMHOD.m */,
				B96F3530200CAD720026FC98 /* IMBStringMHOD.h */,
				B96F3531200CAD720026FC98 /* IMBStringMHOD.m */,
				B96F3532200CAD720026FC98 /* IMBUnicodeMHOD.h */,
				B96F3533200CAD720026FC98 /* IMBUnicodeMHOD.m */,
				B96F3534200CAD720026FC98 /* IMBUnknownMHOD.h */,
				B96F3535200CAD720026FC98 /* IMBUnknownMHOD.m */,
			);
			path = MHOD;
			sourceTree = "<group>";
		};
		B9E127202004506C008F6854 /* DeviceConnection */ = {
			isa = PBXGroup;
			children = (
				B96F3566200CADDF0026FC98 /* MobileDeviceAccess.h */,
				B96F3567200CADDF0026FC98 /* MobileDeviceAccess.m */,
				B9E1273520045167008F6854 /* IMBNotificationDefine.h */,
				B9E1273220045148008F6854 /* NSDictionary+Category.h */,
				B9E1273320045148008F6854 /* NSDictionary+Category.m */,
				B9E1272F2004512C008F6854 /* NSData+Category.h */,
				B9E127302004512C008F6854 /* NSData+Category.m */,
				B9E1272C20045101008F6854 /* NSString+Category.h */,
				B9E1272D20045101008F6854 /* NSString+Category.m */,
			);
			path = DeviceConnection;
			sourceTree = "<group>";
		};
		B9E1273C20049DB2008F6854 /* CustomDC */ = {
			isa = PBXGroup;
			children = (
				B9BDB4C3200618ED00514704 /* NSString+ZLExtension.h */,
				B9BDB4C4200618ED00514704 /* NSString+ZLExtension.m */,
				B9BDB4C620061A0200514704 /* ZLFileTool.h */,
				B9BDB4C720061A0200514704 /* ZLFileTool.m */,
				FACE9E0F200B65D2002AB92A /* CusArchiever.h */,
				FACE9E10200B65D2002AB92A /* CusArchiever.m */,
			);
			path = CustomDC;
			sourceTree = "<group>";
		};
/* End PBXGroup section */

/* Begin PBXNativeTarget section */
		B92BFD3B20034D74003948D7 /* TestNew */ = {
			isa = PBXNativeTarget;
			buildConfigurationList = B92BFD6620034D75003948D7 /* Build configuration list for PBXNativeTarget "TestNew" */;
			buildPhases = (
				B92BFD3820034D74003948D7 /* Sources */,
				B92BFD3920034D74003948D7 /* Frameworks */,
				B92BFD3A20034D74003948D7 /* Resources */,
			);
			buildRules = (
			);
			dependencies = (
			);
			name = TestNew;
			productName = TestNew;
			productReference = B92BFD3C20034D74003948D7 /* TestNew.app */;
			productType = "com.apple.product-type.application";
		};
		B92BFD5120034D74003948D7 /* TestNewTests */ = {
			isa = PBXNativeTarget;
			buildConfigurationList = B92BFD6920034D75003948D7 /* Build configuration list for PBXNativeTarget "TestNewTests" */;
			buildPhases = (
				B92BFD4E20034D74003948D7 /* Sources */,
				B92BFD4F20034D74003948D7 /* Frameworks */,
				B92BFD5020034D74003948D7 /* Resources */,
			);
			buildRules = (
			);
			dependencies = (
				B92BFD5420034D74003948D7 /* PBXTargetDependency */,
			);
			name = TestNewTests;
			productName = TestNewTests;
			productReference = B92BFD5220034D74003948D7 /* TestNewTests.xctest */;
			productType = "com.apple.product-type.bundle.unit-test";
		};
		B92BFD5C20034D75003948D7 /* TestNewUITests */ = {
			isa = PBXNativeTarget;
			buildConfigurationList = B92BFD6C20034D75003948D7 /* Build configuration list for PBXNativeTarget "TestNewUITests" */;
			buildPhases = (
				B92BFD5920034D75003948D7 /* Sources */,
				B92BFD5A20034D75003948D7 /* Frameworks */,
				B92BFD5B20034D75003948D7 /* Resources */,
			);
			buildRules = (
			);
			dependencies = (
				B92BFD5F20034D75003948D7 /* PBXTargetDependency */,
			);
			name = TestNewUITests;
			productName = TestNewUITests;
			productReference = B92BFD5D20034D75003948D7 /* TestNewUITests.xctest */;
			productType = "com.apple.product-type.bundle.ui-testing";
		};
/* End PBXNativeTarget section */

/* Begin PBXProject section */
		B92BFD3420034D74003948D7 /* Project object */ = {
			isa = PBXProject;
			attributes = {
				LastUpgradeCheck = 0730;
				ORGANIZATIONNAME = iMobie;
				TargetAttributes = {
					B92BFD3B20034D74003948D7 = {
						CreatedOnToolsVersion = 7.3.1;
					};
					B92BFD5120034D74003948D7 = {
						CreatedOnToolsVersion = 7.3.1;
						TestTargetID = B92BFD3B20034D74003948D7;
					};
					B92BFD5C20034D75003948D7 = {
						CreatedOnToolsVersion = 7.3.1;
						TestTargetID = B92BFD3B20034D74003948D7;
					};
				};
			};
			buildConfigurationList = B92BFD3720034D74003948D7 /* Build configuration list for PBXProject "TestNew" */;
			compatibilityVersion = "Xcode 3.2";
			developmentRegion = English;
			hasScannedForEncodings = 0;
			knownRegions = (
				en,
				Base,
			);
			mainGroup = B92BFD3320034D74003948D7;
			productRefGroup = B92BFD3D20034D74003948D7 /* Products */;
			projectDirPath = "";
			projectRoot = "";
			targets = (
				B92BFD3B20034D74003948D7 /* TestNew */,
				B92BFD5120034D74003948D7 /* TestNewTests */,
				B92BFD5C20034D75003948D7 /* TestNewUITests */,
			);
		};
/* End PBXProject section */

/* Begin PBXResourcesBuildPhase section */
		B92BFD3A20034D74003948D7 /* Resources */ = {
			isa = PBXResourcesBuildPhase;
			buildActionMask = 2147483647;
			files = (
				B96F3537200CAD720026FC98 /* iTunesCDB in Resources */,
				B92BFD4920034D74003948D7 /* Assets.xcassets in Resources */,
				B92BFD4C20034D74003948D7 /* Main.storyboard in Resources */,
			);
			runOnlyForDeploymentPostprocessing = 0;
		};
		B92BFD5020034D74003948D7 /* Resources */ = {
			isa = PBXResourcesBuildPhase;
			buildActionMask = 2147483647;
			files = (
			);
			runOnlyForDeploymentPostprocessing = 0;
		};
		B92BFD5B20034D75003948D7 /* Resources */ = {
			isa = PBXResourcesBuildPhase;
			buildActionMask = 2147483647;
			files = (
			);
			runOnlyForDeploymentPostprocessing = 0;
		};
/* End PBXResourcesBuildPhase section */

/* Begin PBXSourcesBuildPhase section */
		B92BFD3820034D74003948D7 /* Sources */ = {
			isa = PBXSourcesBuildPhase;
			buildActionMask = 2147483647;
			files = (
				B96F3542200CAD720026FC98 /* IMBHash58.cpp in Sources */,
				B96F3541200CAD720026FC98 /* IMBDatabaseHasher.mm in Sources */,
				B96F3556200CAD720026FC98 /* IMBBaseMHODElement.m in Sources */,
				B96F3551200CAD720026FC98 /* IMBTrackListContainer.m in Sources */,
				B96F354A200CAD720026FC98 /* IMBPlaylistItem.m in Sources */,
				B96F3550200CAD720026FC98 /* IMBTracklist.m in Sources */,
				B96F353D200CAD720026FC98 /* IMBSqliteTables_Nano6G.m in Sources */,
				B96F354B200CAD720026FC98 /* IMBPlaylistList.m in Sources */,
				B9E127312004512C008F6854 /* NSData+Category.m in Sources */,
				FACE9E11200B65D2002AB92A /* CusArchiever.m in Sources */,
				B92BFD4720034D74003948D7 /* ViewController.m in Sources */,
				B96F3583200CAE9D0026FC98 /* IMBArtworkHelper.m in Sources */,
				B96F3555200CAD720026FC98 /* IMBArtworkStringMHOD.m in Sources */,
				B96F354D200CAD720026FC98 /* IMBPlaylistListV2Container.m in Sources */,
				B96F353B200CAD720026FC98 /* IMBSqliteTables_Above3.m in Sources */,
				B96F3582200CAE9D0026FC98 /* IMBArtworkEntity.m in Sources */,
				B96F3543200CAD720026FC98 /* IMBHash72.cpp in Sources */,
				B96F3581200CAE9D0026FC98 /* IMBArtworkDBRoot.m in Sources */,
				B96F3553200CAD720026FC98 /* IMBType6Container.m in Sources */,
				B96F3586200CB1A30026FC98 /* TempHelper.m in Sources */,
				B96F3547200CAD720026FC98 /* IMBiTunesDBRoot.m in Sources */,
				B96F3539200CAD720026FC98 /* IMBSqliteTables_31.m in Sources */,
				B96F3546200CAD720026FC98 /* IMBIDGenerator.m in Sources */,
				B96F353C200CAD720026FC98 /* IMBSqliteTables_Nano5G.m in Sources */,
				B96F3557200CAD720026FC98 /* IMBMenuIndexMHOD.m in Sources */,
				B96F3548200CAD720026FC98 /* IMBListContainerHeader.m in Sources */,
				B96F354F200CAD720026FC98 /* IMBTrack.m in Sources */,
				B92BFD4420034D74003948D7 /* main.m in Sources */,
				B96F3565200CADCA0026FC98 /* IMBiPod.m in Sources */,
				B96F353E200CAD720026FC98 /* IMBSqliteTables_5.m in Sources */,
				B96F3544200CAD720026FC98 /* rijndael.c in Sources */,
				B9BDB4C820061A0200514704 /* ZLFileTool.m in Sources */,
				B96F3568200CADDF0026FC98 /* MobileDeviceAccess.m in Sources */,
				B96F3562200CADA50026FC98 /* IMBBaseDatabaseElement.m in Sources */,
				B9E1272E20045101008F6854 /* NSString+Category.m in Sources */,
				B96F3589200CB1C60026FC98 /* IMBSession.m in Sources */,
				B9BDB4C5200618ED00514704 /* NSString+ZLExtension.m in Sources */,
				B96F3577200CAE690026FC98 /* StringHelper.m in Sources */,
				B96F355C200CAD720026FC98 /* IMBUnknownMHOD.m in Sources */,
				B96F3538200CAD720026FC98 /* IMBSqliteTables.m in Sources */,
				B96F3554200CAD720026FC98 /* IMBUnknownListContainer.m in Sources */,
				B96F358C200CB1E80026FC98 /* IMBNewTrack.m in Sources */,
				B96F3571200CAE4D0026FC98 /* DateHelper.m in Sources */,
				B96F3552200CAD720026FC98 /* IMBType5Container.m in Sources */,
				B96F354C200CAD720026FC98 /* IMBPlaylistListContainer.m in Sources */,
				B96F3580200CAE9D0026FC98 /* IMBArtworkDB.m in Sources */,
				B96F356E200CAE2C0026FC98 /* IMBCommonEnum.m in Sources */,
				B9E1273420045148008F6854 /* NSDictionary+Category.m in Sources */,
				B96F3558200CAD720026FC98 /* IMBMHODFactory.m in Sources */,
				B96F3561200CADA50026FC98 /* IMBBaseDatabase.m in Sources */,
				B96F354E200CAD720026FC98 /* IMBPodcastListAdapter.m in Sources */,
				B96F3545200CAD720026FC98 /* IMBAlbumListContainer.m in Sources */,
				B96F356B200CAE0A0026FC98 /* IMBBaseEntity.m in Sources */,
				B96F3540200CAD720026FC98 /* IMBSyncPlistBuilder.m in Sources */,
				B96F355B200CAD720026FC98 /* IMBUnicodeMHOD.m in Sources */,
				B96F353A200CAD720026FC98 /* IMBSqliteTables_4.m in Sources */,
				B96F3559200CAD720026FC98 /* IMBPlaylistPositionMHOD.m in Sources */,
				B96F3536200CAD720026FC98 /* IMBiTunesCDBRoot.m in Sources */,
				B92BFD4120034D74003948D7 /* AppDelegate.m in Sources */,
				B96F355A200CAD720026FC98 /* IMBStringMHOD.m in Sources */,
				B96F3549200CAD720026FC98 /* IMBPlaylist.m in Sources */,
				B96F3576200CAE690026FC98 /* MediaHelper.m in Sources */,
				B96F353F200CAD720026FC98 /* IMBSyncAppBuilder.m in Sources */,
			);
			runOnlyForDeploymentPostprocessing = 0;
		};
		B92BFD4E20034D74003948D7 /* Sources */ = {
			isa = PBXSourcesBuildPhase;
			buildActionMask = 2147483647;
			files = (
				B92BFD5720034D74003948D7 /* TestNewTests.m in Sources */,
			);
			runOnlyForDeploymentPostprocessing = 0;
		};
		B92BFD5920034D75003948D7 /* Sources */ = {
			isa = PBXSourcesBuildPhase;
			buildActionMask = 2147483647;
			files = (
				B92BFD6220034D75003948D7 /* TestNewUITests.m in Sources */,
			);
			runOnlyForDeploymentPostprocessing = 0;
		};
/* End PBXSourcesBuildPhase section */

/* Begin PBXTargetDependency section */
		B92BFD5420034D74003948D7 /* PBXTargetDependency */ = {
			isa = PBXTargetDependency;
			target = B92BFD3B20034D74003948D7 /* TestNew */;
			targetProxy = B92BFD5320034D74003948D7 /* PBXContainerItemProxy */;
		};
		B92BFD5F20034D75003948D7 /* PBXTargetDependency */ = {
			isa = PBXTargetDependency;
			target = B92BFD3B20034D74003948D7 /* TestNew */;
			targetProxy = B92BFD5E20034D75003948D7 /* PBXContainerItemProxy */;
		};
/* End PBXTargetDependency section */

/* Begin PBXVariantGroup section */
		B92BFD4A20034D74003948D7 /* Main.storyboard */ = {
			isa = PBXVariantGroup;
			children = (
				B92BFD4B20034D74003948D7 /* Base */,
			);
			name = Main.storyboard;
			sourceTree = "<group>";
		};
/* End PBXVariantGroup section */

/* Begin XCBuildConfiguration section */
		B92BFD6420034D75003948D7 /* Debug */ = {
			isa = XCBuildConfiguration;
			buildSettings = {
				ALWAYS_SEARCH_USER_PATHS = NO;
				CLANG_ANALYZER_NONNULL = YES;
				CLANG_CXX_LANGUAGE_STANDARD = "gnu++0x";
				CLANG_CXX_LIBRARY = "libc++";
				CLANG_ENABLE_MODULES = YES;
				CLANG_ENABLE_OBJC_ARC = YES;
				CLANG_WARN_BOOL_CONVERSION = YES;
				CLANG_WARN_CONSTANT_CONVERSION = YES;
				CLANG_WARN_DIRECT_OBJC_ISA_USAGE = YES_ERROR;
				CLANG_WARN_EMPTY_BODY = YES;
				CLANG_WARN_ENUM_CONVERSION = YES;
				CLANG_WARN_INT_CONVERSION = YES;
				CLANG_WARN_OBJC_ROOT_CLASS = YES_ERROR;
				CLANG_WARN_UNREACHABLE_CODE = YES;
				CLANG_WARN__DUPLICATE_METHOD_MATCH = YES;
				CODE_SIGN_IDENTITY = "-";
				COPY_PHASE_STRIP = NO;
				DEBUG_INFORMATION_FORMAT = dwarf;
				ENABLE_STRICT_OBJC_MSGSEND = YES;
				ENABLE_TESTABILITY = YES;
				GCC_C_LANGUAGE_STANDARD = gnu99;
				GCC_DYNAMIC_NO_PIC = NO;
				GCC_NO_COMMON_BLOCKS = YES;
				GCC_OPTIMIZATION_LEVEL = 0;
				GCC_PREPROCESSOR_DEFINITIONS = (
					"DEBUG=1",
					"$(inherited)",
				);
				GCC_WARN_64_TO_32_BIT_CONVERSION = YES;
				GCC_WARN_ABOUT_RETURN_TYPE = YES_ERROR;
				GCC_WARN_UNDECLARED_SELECTOR = YES;
				GCC_WARN_UNINITIALIZED_AUTOS = YES_AGGRESSIVE;
				GCC_WARN_UNUSED_FUNCTION = YES;
				GCC_WARN_UNUSED_VARIABLE = YES;
				MACOSX_DEPLOYMENT_TARGET = 10.11;
				MTL_ENABLE_DEBUG_INFO = YES;
				ONLY_ACTIVE_ARCH = YES;
				SDKROOT = macosx;
			};
			name = Debug;
		};
		B92BFD6520034D75003948D7 /* Release */ = {
			isa = XCBuildConfiguration;
			buildSettings = {
				ALWAYS_SEARCH_USER_PATHS = NO;
				CLANG_ANALYZER_NONNULL = YES;
				CLANG_CXX_LANGUAGE_STANDARD = "gnu++0x";
				CLANG_CXX_LIBRARY = "libc++";
				CLANG_ENABLE_MODULES = YES;
				CLANG_ENABLE_OBJC_ARC = YES;
				CLANG_WARN_BOOL_CONVERSION = YES;
				CLANG_WARN_CONSTANT_CONVERSION = YES;
				CLANG_WARN_DIRECT_OBJC_ISA_USAGE = YES_ERROR;
				CLANG_WARN_EMPTY_BODY = YES;
				CLANG_WARN_ENUM_CONVERSION = YES;
				CLANG_WARN_INT_CONVERSION = YES;
				CLANG_WARN_OBJC_ROOT_CLASS = YES_ERROR;
				CLANG_WARN_UNREACHABLE_CODE = YES;
				CLANG_WARN__DUPLICATE_METHOD_MATCH = YES;
				CODE_SIGN_IDENTITY = "-";
				COPY_PHASE_STRIP = NO;
				DEBUG_INFORMATION_FORMAT = "dwarf-with-dsym";
				ENABLE_NS_ASSERTIONS = NO;
				ENABLE_STRICT_OBJC_MSGSEND = YES;
				GCC_C_LANGUAGE_STANDARD = gnu99;
				GCC_NO_COMMON_BLOCKS = YES;
				GCC_WARN_64_TO_32_BIT_CONVERSION = YES;
				GCC_WARN_ABOUT_RETURN_TYPE = YES_ERROR;
				GCC_WARN_UNDECLARED_SELECTOR = YES;
				GCC_WARN_UNINITIALIZED_AUTOS = YES_AGGRESSIVE;
				GCC_WARN_UNUSED_FUNCTION = YES;
				GCC_WARN_UNUSED_VARIABLE = YES;
				MACOSX_DEPLOYMENT_TARGET = 10.11;
				MTL_ENABLE_DEBUG_INFO = NO;
				SDKROOT = macosx;
			};
			name = Release;
		};
		B92BFD6720034D75003948D7 /* Debug */ = {
			isa = XCBuildConfiguration;
			buildSettings = {
				ASSETCATALOG_COMPILER_APPICON_NAME = AppIcon;
				CLANG_ENABLE_OBJC_ARC = NO;
				COMBINE_HIDPI_IMAGES = YES;
				FRAMEWORK_SEARCH_PATHS = (
					"$(inherited)",
					"$(SYSTEM_LIBRARY_DIR)/PrivateFrameworks",
				);
				INFOPLIST_FILE = TestNew/Info.plist;
				LD_RUNPATH_SEARCH_PATHS = "$(inherited) @executable_path/../Frameworks";
				MACOSX_DEPLOYMENT_TARGET = 10.8;
				OTHER_LDFLAGS = (
					"-Xlinker",
					"-U",
					"-Xlinker",
					_objc_readClassPair,
				);
				PRODUCT_BUNDLE_IDENTIFIER = TsinHzl.TestNew;
				PRODUCT_NAME = "$(TARGET_NAME)";
				SDKROOT = macosx10.9;
			};
			name = Debug;
		};
		B92BFD6820034D75003948D7 /* Release */ = {
			isa = XCBuildConfiguration;
			buildSettings = {
				ASSETCATALOG_COMPILER_APPICON_NAME = AppIcon;
				CLANG_ENABLE_OBJC_ARC = NO;
				COMBINE_HIDPI_IMAGES = YES;
				FRAMEWORK_SEARCH_PATHS = (
					"$(inherited)",
					"$(SYSTEM_LIBRARY_DIR)/PrivateFrameworks",
				);
				INFOPLIST_FILE = TestNew/Info.plist;
				LD_RUNPATH_SEARCH_PATHS = "$(inherited) @executable_path/../Frameworks";
				MACOSX_DEPLOYMENT_TARGET = 10.8;
				OTHER_LDFLAGS = (
					"-Xlinker",
					"-U",
					"-Xlinker",
					_objc_readClassPair,
				);
				PRODUCT_BUNDLE_IDENTIFIER = TsinHzl.TestNew;
				PRODUCT_NAME = "$(TARGET_NAME)";
				SDKROOT = macosx10.9;
			};
			name = Release;
		};
		B92BFD6A20034D75003948D7 /* Debug */ = {
			isa = XCBuildConfiguration;
			buildSettings = {
				BUNDLE_LOADER = "$(TEST_HOST)";
				COMBINE_HIDPI_IMAGES = YES;
				INFOPLIST_FILE = TestNewTests/Info.plist;
				LD_RUNPATH_SEARCH_PATHS = "$(inherited) @executable_path/../Frameworks @loader_path/../Frameworks";
				PRODUCT_BUNDLE_IDENTIFIER = TsinHzl.TestNewTests;
				PRODUCT_NAME = "$(TARGET_NAME)";
				TEST_HOST = "$(BUILT_PRODUCTS_DIR)/TestNew.app/Contents/MacOS/TestNew";
			};
			name = Debug;
		};
		B92BFD6B20034D75003948D7 /* Release */ = {
			isa = XCBuildConfiguration;
			buildSettings = {
				BUNDLE_LOADER = "$(TEST_HOST)";
				COMBINE_HIDPI_IMAGES = YES;
				INFOPLIST_FILE = TestNewTests/Info.plist;
				LD_RUNPATH_SEARCH_PATHS = "$(inherited) @executable_path/../Frameworks @loader_path/../Frameworks";
				PRODUCT_BUNDLE_IDENTIFIER = TsinHzl.TestNewTests;
				PRODUCT_NAME = "$(TARGET_NAME)";
				TEST_HOST = "$(BUILT_PRODUCTS_DIR)/TestNew.app/Contents/MacOS/TestNew";
			};
			name = Release;
		};
		B92BFD6D20034D75003948D7 /* Debug */ = {
			isa = XCBuildConfiguration;
			buildSettings = {
				COMBINE_HIDPI_IMAGES = YES;
				INFOPLIST_FILE = TestNewUITests/Info.plist;
				LD_RUNPATH_SEARCH_PATHS = "$(inherited) @executable_path/../Frameworks @loader_path/../Frameworks";
				PRODUCT_BUNDLE_IDENTIFIER = TsinHzl.TestNewUITests;
				PRODUCT_NAME = "$(TARGET_NAME)";
				TEST_TARGET_NAME = TestNew;
			};
			name = Debug;
		};
		B92BFD6E20034D75003948D7 /* Release */ = {
			isa = XCBuildConfiguration;
			buildSettings = {
				COMBINE_HIDPI_IMAGES = YES;
				INFOPLIST_FILE = TestNewUITests/Info.plist;
				LD_RUNPATH_SEARCH_PATHS = "$(inherited) @executable_path/../Frameworks @loader_path/../Frameworks";
				PRODUCT_BUNDLE_IDENTIFIER = TsinHzl.TestNewUITests;
				PRODUCT_NAME = "$(TARGET_NAME)";
				TEST_TARGET_NAME = TestNew;
			};
			name = Release;
		};
/* End XCBuildConfiguration section */

/* Begin XCConfigurationList section */
		B92BFD3720034D74003948D7 /* Build configuration list for PBXProject "TestNew" */ = {
			isa = XCConfigurationList;
			buildConfigurations = (
				B92BFD6420034D75003948D7 /* Debug */,
				B92BFD6520034D75003948D7 /* Release */,
			);
			defaultConfigurationIsVisible = 0;
			defaultConfigurationName = Release;
		};
		B92BFD6620034D75003948D7 /* Build configuration list for PBXNativeTarget "TestNew" */ = {
			isa = XCConfigurationList;
			buildConfigurations = (
				B92BFD6720034D75003948D7 /* Debug */,
				B92BFD6820034D75003948D7 /* Release */,
			);
			defaultConfigurationIsVisible = 0;
			defaultConfigurationName = Release;
		};
		B92BFD6920034D75003948D7 /* Build configuration list for PBXNativeTarget "TestNewTests" */ = {
			isa = XCConfigurationList;
			buildConfigurations = (
				B92BFD6A20034D75003948D7 /* Debug */,
				B92BFD6B20034D75003948D7 /* Release */,
			);
			defaultConfigurationIsVisible = 0;
			defaultConfigurationName = Release;
		};
		B92BFD6C20034D75003948D7 /* Build configuration list for PBXNativeTarget "TestNewUITests" */ = {
			isa = XCConfigurationList;
			buildConfigurations = (
				B92BFD6D20034D75003948D7 /* Debug */,
				B92BFD6E20034D75003948D7 /* Release */,
			);
			defaultConfigurationIsVisible = 0;
			defaultConfigurationName = Release;
		};
/* End XCConfigurationList section */
	};
	rootObject = B92BFD3420034D74003948D7 /* Project object */;
}
